// !$*UTF8*$!
{
	archiveVersion = 1;
	classes = {
	};
	objectVersion = 50;
	objects = {

/* Begin PBXBuildFile section */
		0AFAFA7D73C7CD1736AE1C0F /* Pods_freshfood_shopowner.framework in Frameworks */ = {isa = PBXBuildFile; fileRef = 2F0DE686F0108FD94A40D130 /* Pods_freshfood_shopowner.framework */; };
		23075B542282945E0088AB24 /* Constant.swift in Sources */ = {isa = PBXBuildFile; fileRef = 23075B532282945E0088AB24 /* Constant.swift */; };
		23075B56228294760088AB24 /* NotificationConstant.swift in Sources */ = {isa = PBXBuildFile; fileRef = 23075B55228294760088AB24 /* NotificationConstant.swift */; };
		23075B58228294AF0088AB24 /* DateTimeLibrary.swift in Sources */ = {isa = PBXBuildFile; fileRef = 23075B57228294AF0088AB24 /* DateTimeLibrary.swift */; };
		23075B5A228294C90088AB24 /* GeneralValueItem.swift in Sources */ = {isa = PBXBuildFile; fileRef = 23075B59228294C90088AB24 /* GeneralValueItem.swift */; };
		23075B5C228294D70088AB24 /* StringLibrary.swift in Sources */ = {isa = PBXBuildFile; fileRef = 23075B5B228294D70088AB24 /* StringLibrary.swift */; };
		23075B5E228294E70088AB24 /* ExtensionDouble.swift in Sources */ = {isa = PBXBuildFile; fileRef = 23075B5D228294E70088AB24 /* ExtensionDouble.swift */; };
		23075B602282956B0088AB24 /* ExtensionUIImage.swift in Sources */ = {isa = PBXBuildFile; fileRef = 23075B5F2282956B0088AB24 /* ExtensionUIImage.swift */; };
		23075B622282957E0088AB24 /* ExtensionTextField.swift in Sources */ = {isa = PBXBuildFile; fileRef = 23075B612282957E0088AB24 /* ExtensionTextField.swift */; };
		23075B64228295900088AB24 /* ExtensionStackView.swift in Sources */ = {isa = PBXBuildFile; fileRef = 23075B63228295900088AB24 /* ExtensionStackView.swift */; };
		23075B66228295A50088AB24 /* ExtensionButton.swift in Sources */ = {isa = PBXBuildFile; fileRef = 23075B65228295A50088AB24 /* ExtensionButton.swift */; };
		23075B68228295B80088AB24 /* ExtensionUICollectionView.swift in Sources */ = {isa = PBXBuildFile; fileRef = 23075B67228295B80088AB24 /* ExtensionUICollectionView.swift */; };
		23075B6A228295C50088AB24 /* ExtensionUIView.swift in Sources */ = {isa = PBXBuildFile; fileRef = 23075B69228295C50088AB24 /* ExtensionUIView.swift */; };
		23075B6C228295D70088AB24 /* ExtensionUiLable.swift in Sources */ = {isa = PBXBuildFile; fileRef = 23075B6B228295D70088AB24 /* ExtensionUiLable.swift */; };
		23075B6E228295E80088AB24 /* CustomImageView.swift in Sources */ = {isa = PBXBuildFile; fileRef = 23075B6D228295E80088AB24 /* CustomImageView.swift */; };
		23075B892282B3F00088AB24 /* ListShopController.swift in Sources */ = {isa = PBXBuildFile; fileRef = 23075B882282B3F00088AB24 /* ListShopController.swift */; };
		23075B8B2282C0AF0088AB24 /* UserResponse.swift in Sources */ = {isa = PBXBuildFile; fileRef = 23075B8A2282C0AF0088AB24 /* UserResponse.swift */; };
		23075B8E2282C9A00088AB24 /* ShopResponse.swift in Sources */ = {isa = PBXBuildFile; fileRef = 23075B8D2282C9A00088AB24 /* ShopResponse.swift */; };
		23075B902282CACC0088AB24 /* AddNewShopController.swift in Sources */ = {isa = PBXBuildFile; fileRef = 23075B8F2282CACC0088AB24 /* AddNewShopController.swift */; };
		23075B952282D2050088AB24 /* MapManager.swift in Sources */ = {isa = PBXBuildFile; fileRef = 23075B942282D2050088AB24 /* MapManager.swift */; };
		23075B972282D21A0088AB24 /* MapRouter.swift in Sources */ = {isa = PBXBuildFile; fileRef = 23075B962282D21A0088AB24 /* MapRouter.swift */; };
		23075B992282D22D0088AB24 /* MapTaskManager.swift in Sources */ = {isa = PBXBuildFile; fileRef = 23075B982282D22D0088AB24 /* MapTaskManager.swift */; };
		23075B9B2282D2510088AB24 /* MapResponseDirection.swift in Sources */ = {isa = PBXBuildFile; fileRef = 23075B9A2282D2510088AB24 /* MapResponseDirection.swift */; };
		23075B9D2282D2680088AB24 /* MapRequestBodyDirection.swift in Sources */ = {isa = PBXBuildFile; fileRef = 23075B9C2282D2680088AB24 /* MapRequestBodyDirection.swift */; };
		23075BA02282D2930088AB24 /* LocationServicesProtocol.swift in Sources */ = {isa = PBXBuildFile; fileRef = 23075B9F2282D2930088AB24 /* LocationServicesProtocol.swift */; };
		2316DADF22897CEC00378745 /* CommentServices.swift in Sources */ = {isa = PBXBuildFile; fileRef = 2316DADE22897CEC00378745 /* CommentServices.swift */; };
		232274EE2287FB2A002EE964 /* AccountController.swift in Sources */ = {isa = PBXBuildFile; fileRef = 232274ED2287FB2A002EE964 /* AccountController.swift */; };
		232274F02287FB3E002EE964 /* ChangePasswordController.swift in Sources */ = {isa = PBXBuildFile; fileRef = 232274EF2287FB3E002EE964 /* ChangePasswordController.swift */; };
		232274F22287FB4F002EE964 /* EditInforController.swift in Sources */ = {isa = PBXBuildFile; fileRef = 232274F12287FB4F002EE964 /* EditInforController.swift */; };
		232274F62287FF57002EE964 /* UserCommentCell.swift in Sources */ = {isa = PBXBuildFile; fileRef = 232274F42287FF57002EE964 /* UserCommentCell.swift */; };
		232274F72287FF57002EE964 /* UserCommentCell.xib in Resources */ = {isa = PBXBuildFile; fileRef = 232274F52287FF57002EE964 /* UserCommentCell.xib */; };
		232274FA228826F8002EE964 /* AddFoodController.swift in Sources */ = {isa = PBXBuildFile; fileRef = 232274F9228826F8002EE964 /* AddFoodController.swift */; };
		2322750422883004002EE964 /* FoodImageCell.swift in Sources */ = {isa = PBXBuildFile; fileRef = 2322750222883004002EE964 /* FoodImageCell.swift */; };
		2322750522883004002EE964 /* FoodImageCell.xib in Resources */ = {isa = PBXBuildFile; fileRef = 2322750322883004002EE964 /* FoodImageCell.xib */; };
		2332DD9122827F3D008F0CBE /* AppDelegate.swift in Sources */ = {isa = PBXBuildFile; fileRef = 2332DD9022827F3D008F0CBE /* AppDelegate.swift */; };
		2332DD9622827F3D008F0CBE /* Main.storyboard in Resources */ = {isa = PBXBuildFile; fileRef = 2332DD9422827F3D008F0CBE /* Main.storyboard */; };
		2332DD9822827F40008F0CBE /* Assets.xcassets in Resources */ = {isa = PBXBuildFile; fileRef = 2332DD9722827F40008F0CBE /* Assets.xcassets */; };
		2332DD9B22827F40008F0CBE /* LaunchScreen.storyboard in Resources */ = {isa = PBXBuildFile; fileRef = 2332DD9922827F40008F0CBE /* LaunchScreen.storyboard */; };
		2337F7742286DD0800D9E35F /* ListFoodsController.swift in Sources */ = {isa = PBXBuildFile; fileRef = 2337F7732286DD0700D9E35F /* ListFoodsController.swift */; };
		2337F7762286DE9300D9E35F /* FoodCell.swift in Sources */ = {isa = PBXBuildFile; fileRef = 2337F7752286DE9300D9E35F /* FoodCell.swift */; };
		2337F7782286E4E700D9E35F /* ShopItemResponse.swift in Sources */ = {isa = PBXBuildFile; fileRef = 2337F7772286E4E700D9E35F /* ShopItemResponse.swift */; };
		2337F77A2286EE0A00D9E35F /* ShopItemServices.swift in Sources */ = {isa = PBXBuildFile; fileRef = 2337F7792286EE0A00D9E35F /* ShopItemServices.swift */; };
		233B40A3228911E70041D562 /* MBProgressHUD.m in Sources */ = {isa = PBXBuildFile; fileRef = 233B40A2228911E70041D562 /* MBProgressHUD.m */; };
		233B40A7228941550041D562 /* CommentResponse.swift in Sources */ = {isa = PBXBuildFile; fileRef = 233B40A6228941550041D562 /* CommentResponse.swift */; };
		2354F011228290C500AC9BC1 /* SignUpController.swift in Sources */ = {isa = PBXBuildFile; fileRef = 2354F010228290C500AC9BC1 /* SignUpController.swift */; };
		2354F0142282922F00AC9BC1 /* AuthServices.swift in Sources */ = {isa = PBXBuildFile; fileRef = 2354F0132282922F00AC9BC1 /* AuthServices.swift */; };
		235C921F2289054A00059D5C /* GoogleService-Info.plist in Resources */ = {isa = PBXBuildFile; fileRef = 235C921E2289054A00059D5C /* GoogleService-Info.plist */; };
		235E144B22852886009109EC /* ShopCell.swift in Sources */ = {isa = PBXBuildFile; fileRef = 235E144A22852886009109EC /* ShopCell.swift */; };
		235E144D22854DAF009109EC /* ShopService.swift in Sources */ = {isa = PBXBuildFile; fileRef = 235E144C22854DAF009109EC /* ShopService.swift */; };
		23679F49228D6D7D00F427DD /* ListCommentController.swift in Sources */ = {isa = PBXBuildFile; fileRef = 23679F48228D6D7D00F427DD /* ListCommentController.swift */; };
		23679F4C228D6DB100F427DD /* OneCommentController.swift in Sources */ = {isa = PBXBuildFile; fileRef = 23679F4B228D6DB100F427DD /* OneCommentController.swift */; };
		23679F52228D7EF100F427DD /* CommentCell.swift in Sources */ = {isa = PBXBuildFile; fileRef = 23679F50228D7EF100F427DD /* CommentCell.swift */; };
		23679F53228D7EF100F427DD /* CommentCell.xib in Resources */ = {isa = PBXBuildFile; fileRef = 23679F51228D7EF100F427DD /* CommentCell.xib */; };
		23679F56228E5DB000F427DD /* NoCommentCell.swift in Sources */ = {isa = PBXBuildFile; fileRef = 23679F54228E5DB000F427DD /* NoCommentCell.swift */; };
		23679F57228E5DB000F427DD /* NoCommentCell.xib in Resources */ = {isa = PBXBuildFile; fileRef = 23679F55228E5DB000F427DD /* NoCommentCell.xib */; };
		2368A25E228BACBE00B6CB76 /* ItemService.swift in Sources */ = {isa = PBXBuildFile; fileRef = 2368A25D228BACBE00B6CB76 /* ItemService.swift */; };
		2368A260228BADE100B6CB76 /* ItemResponse.swift in Sources */ = {isa = PBXBuildFile; fileRef = 2368A25F228BADE100B6CB76 /* ItemResponse.swift */; };
		236E3501228285E00031E02B /* SignUp.storyboard in Resources */ = {isa = PBXBuildFile; fileRef = 236E3500228285E00031E02B /* SignUp.storyboard */; };
		236E35032282885B0031E02B /* LoginController.swift in Sources */ = {isa = PBXBuildFile; fileRef = 236E35022282885B0031E02B /* LoginController.swift */; };
		2383FCF22287B950004A403A /* ImageServices.swift in Sources */ = {isa = PBXBuildFile; fileRef = 2383FCF12287B950004A403A /* ImageServices.swift */; };
		23A786AC229645AE00897A2F /* SearchResponse.swift in Sources */ = {isa = PBXBuildFile; fileRef = 23A786AB229645AE00897A2F /* SearchResponse.swift */; };
		23A786AE229645DB00897A2F /* SearchService.swift in Sources */ = {isa = PBXBuildFile; fileRef = 23A786AD229645DB00897A2F /* SearchService.swift */; };
/* End PBXBuildFile section */

/* Begin PBXFileReference section */
		23075B532282945E0088AB24 /* Constant.swift */ = {isa = PBXFileReference; lastKnownFileType = sourcecode.swift; path = Constant.swift; sourceTree = "<group>"; };
		23075B55228294760088AB24 /* NotificationConstant.swift */ = {isa = PBXFileReference; lastKnownFileType = sourcecode.swift; path = NotificationConstant.swift; sourceTree = "<group>"; };
		23075B57228294AF0088AB24 /* DateTimeLibrary.swift */ = {isa = PBXFileReference; lastKnownFileType = sourcecode.swift; path = DateTimeLibrary.swift; sourceTree = "<group>"; };
		23075B59228294C90088AB24 /* GeneralValueItem.swift */ = {isa = PBXFileReference; lastKnownFileType = sourcecode.swift; path = GeneralValueItem.swift; sourceTree = "<group>"; };
		23075B5B228294D70088AB24 /* StringLibrary.swift */ = {isa = PBXFileReference; lastKnownFileType = sourcecode.swift; path = StringLibrary.swift; sourceTree = "<group>"; };
		23075B5D228294E70088AB24 /* ExtensionDouble.swift */ = {isa = PBXFileReference; lastKnownFileType = sourcecode.swift; path = ExtensionDouble.swift; sourceTree = "<group>"; };
		23075B5F2282956B0088AB24 /* ExtensionUIImage.swift */ = {isa = PBXFileReference; lastKnownFileType = sourcecode.swift; path = ExtensionUIImage.swift; sourceTree = "<group>"; };
		23075B612282957E0088AB24 /* ExtensionTextField.swift */ = {isa = PBXFileReference; lastKnownFileType = sourcecode.swift; path = ExtensionTextField.swift; sourceTree = "<group>"; };
		23075B63228295900088AB24 /* ExtensionStackView.swift */ = {isa = PBXFileReference; lastKnownFileType = sourcecode.swift; path = ExtensionStackView.swift; sourceTree = "<group>"; };
		23075B65228295A50088AB24 /* ExtensionButton.swift */ = {isa = PBXFileReference; lastKnownFileType = sourcecode.swift; path = ExtensionButton.swift; sourceTree = "<group>"; };
		23075B67228295B80088AB24 /* ExtensionUICollectionView.swift */ = {isa = PBXFileReference; lastKnownFileType = sourcecode.swift; path = ExtensionUICollectionView.swift; sourceTree = "<group>"; };
		23075B69228295C50088AB24 /* ExtensionUIView.swift */ = {isa = PBXFileReference; lastKnownFileType = sourcecode.swift; path = ExtensionUIView.swift; sourceTree = "<group>"; };
		23075B6B228295D70088AB24 /* ExtensionUiLable.swift */ = {isa = PBXFileReference; lastKnownFileType = sourcecode.swift; path = ExtensionUiLable.swift; sourceTree = "<group>"; };
		23075B6D228295E80088AB24 /* CustomImageView.swift */ = {isa = PBXFileReference; lastKnownFileType = sourcecode.swift; path = CustomImageView.swift; sourceTree = "<group>"; };
		23075B882282B3F00088AB24 /* ListShopController.swift */ = {isa = PBXFileReference; lastKnownFileType = sourcecode.swift; path = ListShopController.swift; sourceTree = "<group>"; };
		23075B8A2282C0AF0088AB24 /* UserResponse.swift */ = {isa = PBXFileReference; lastKnownFileType = sourcecode.swift; path = UserResponse.swift; sourceTree = "<group>"; };
		23075B8D2282C9A00088AB24 /* ShopResponse.swift */ = {isa = PBXFileReference; lastKnownFileType = sourcecode.swift; path = ShopResponse.swift; sourceTree = "<group>"; };
		23075B8F2282CACC0088AB24 /* AddNewShopController.swift */ = {isa = PBXFileReference; lastKnownFileType = sourcecode.swift; path = AddNewShopController.swift; sourceTree = "<group>"; };
		23075B942282D2050088AB24 /* MapManager.swift */ = {isa = PBXFileReference; lastKnownFileType = sourcecode.swift; path = MapManager.swift; sourceTree = "<group>"; };
		23075B962282D21A0088AB24 /* MapRouter.swift */ = {isa = PBXFileReference; lastKnownFileType = sourcecode.swift; path = MapRouter.swift; sourceTree = "<group>"; };
		23075B982282D22D0088AB24 /* MapTaskManager.swift */ = {isa = PBXFileReference; lastKnownFileType = sourcecode.swift; path = MapTaskManager.swift; sourceTree = "<group>"; };
		23075B9A2282D2510088AB24 /* MapResponseDirection.swift */ = {isa = PBXFileReference; lastKnownFileType = sourcecode.swift; path = MapResponseDirection.swift; sourceTree = "<group>"; };
		23075B9C2282D2680088AB24 /* MapRequestBodyDirection.swift */ = {isa = PBXFileReference; lastKnownFileType = sourcecode.swift; path = MapRequestBodyDirection.swift; sourceTree = "<group>"; };
		23075B9F2282D2930088AB24 /* LocationServicesProtocol.swift */ = {isa = PBXFileReference; lastKnownFileType = sourcecode.swift; path = LocationServicesProtocol.swift; sourceTree = "<group>"; };
		2316DADE22897CEC00378745 /* CommentServices.swift */ = {isa = PBXFileReference; lastKnownFileType = sourcecode.swift; path = CommentServices.swift; sourceTree = "<group>"; };
		232274ED2287FB2A002EE964 /* AccountController.swift */ = {isa = PBXFileReference; lastKnownFileType = sourcecode.swift; path = AccountController.swift; sourceTree = "<group>"; };
		232274EF2287FB3E002EE964 /* ChangePasswordController.swift */ = {isa = PBXFileReference; lastKnownFileType = sourcecode.swift; path = ChangePasswordController.swift; sourceTree = "<group>"; };
		232274F12287FB4F002EE964 /* EditInforController.swift */ = {isa = PBXFileReference; lastKnownFileType = sourcecode.swift; path = EditInforController.swift; sourceTree = "<group>"; };
		232274F42287FF57002EE964 /* UserCommentCell.swift */ = {isa = PBXFileReference; lastKnownFileType = sourcecode.swift; path = UserCommentCell.swift; sourceTree = "<group>"; };
		232274F52287FF57002EE964 /* UserCommentCell.xib */ = {isa = PBXFileReference; lastKnownFileType = file.xib; path = UserCommentCell.xib; sourceTree = "<group>"; };
		232274F9228826F8002EE964 /* AddFoodController.swift */ = {isa = PBXFileReference; lastKnownFileType = sourcecode.swift; path = AddFoodController.swift; sourceTree = "<group>"; };
		2322750222883004002EE964 /* FoodImageCell.swift */ = {isa = PBXFileReference; lastKnownFileType = sourcecode.swift; path = FoodImageCell.swift; sourceTree = "<group>"; };
		2322750322883004002EE964 /* FoodImageCell.xib */ = {isa = PBXFileReference; lastKnownFileType = file.xib; path = FoodImageCell.xib; sourceTree = "<group>"; };
		2332DD8D22827F3D008F0CBE /* freshfood_shopowner.app */ = {isa = PBXFileReference; explicitFileType = wrapper.application; includeInIndex = 0; path = freshfood_shopowner.app; sourceTree = BUILT_PRODUCTS_DIR; };
		2332DD9022827F3D008F0CBE /* AppDelegate.swift */ = {isa = PBXFileReference; lastKnownFileType = sourcecode.swift; path = AppDelegate.swift; sourceTree = "<group>"; };
		2332DD9522827F3D008F0CBE /* Base */ = {isa = PBXFileReference; lastKnownFileType = file.storyboard; name = Base; path = Base.lproj/Main.storyboard; sourceTree = "<group>"; };
		2332DD9722827F40008F0CBE /* Assets.xcassets */ = {isa = PBXFileReference; lastKnownFileType = folder.assetcatalog; path = Assets.xcassets; sourceTree = "<group>"; };
		2332DD9A22827F40008F0CBE /* Base */ = {isa = PBXFileReference; lastKnownFileType = file.storyboard; name = Base; path = Base.lproj/LaunchScreen.storyboard; sourceTree = "<group>"; };
		2332DD9C22827F40008F0CBE /* Info.plist */ = {isa = PBXFileReference; lastKnownFileType = text.plist.xml; path = Info.plist; sourceTree = "<group>"; };
		2337F7732286DD0700D9E35F /* ListFoodsController.swift */ = {isa = PBXFileReference; lastKnownFileType = sourcecode.swift; path = ListFoodsController.swift; sourceTree = "<group>"; };
		2337F7752286DE9300D9E35F /* FoodCell.swift */ = {isa = PBXFileReference; lastKnownFileType = sourcecode.swift; path = FoodCell.swift; sourceTree = "<group>"; };
		2337F7772286E4E700D9E35F /* ShopItemResponse.swift */ = {isa = PBXFileReference; lastKnownFileType = sourcecode.swift; path = ShopItemResponse.swift; sourceTree = "<group>"; };
		2337F7792286EE0A00D9E35F /* ShopItemServices.swift */ = {isa = PBXFileReference; lastKnownFileType = sourcecode.swift; path = ShopItemServices.swift; sourceTree = "<group>"; };
		233B40A1228911E30041D562 /* MBProgressHUD.h */ = {isa = PBXFileReference; fileEncoding = 4; lastKnownFileType = sourcecode.c.h; path = MBProgressHUD.h; sourceTree = "<group>"; };
		233B40A2228911E70041D562 /* MBProgressHUD.m */ = {isa = PBXFileReference; fileEncoding = 4; lastKnownFileType = sourcecode.c.objc; path = MBProgressHUD.m; sourceTree = "<group>"; };
		233B40A6228941550041D562 /* CommentResponse.swift */ = {isa = PBXFileReference; lastKnownFileType = sourcecode.swift; path = CommentResponse.swift; sourceTree = "<group>"; };
		2354F010228290C500AC9BC1 /* SignUpController.swift */ = {isa = PBXFileReference; lastKnownFileType = sourcecode.swift; path = SignUpController.swift; sourceTree = "<group>"; };
		2354F0132282922F00AC9BC1 /* AuthServices.swift */ = {isa = PBXFileReference; lastKnownFileType = sourcecode.swift; path = AuthServices.swift; sourceTree = "<group>"; };
		235C921E2289054A00059D5C /* GoogleService-Info.plist */ = {isa = PBXFileReference; fileEncoding = 4; lastKnownFileType = text.plist.xml; path = "GoogleService-Info.plist"; sourceTree = "<group>"; };
		235C922022890E1200059D5C /* freshfood_shopowner-Bridging-Header.h */ = {isa = PBXFileReference; lastKnownFileType = sourcecode.c.h; path = "freshfood_shopowner-Bridging-Header.h"; sourceTree = "<group>"; };
		235E144A22852886009109EC /* ShopCell.swift */ = {isa = PBXFileReference; lastKnownFileType = sourcecode.swift; path = ShopCell.swift; sourceTree = "<group>"; };
		235E144C22854DAF009109EC /* ShopService.swift */ = {isa = PBXFileReference; lastKnownFileType = sourcecode.swift; path = ShopService.swift; sourceTree = "<group>"; };
		23679F48228D6D7D00F427DD /* ListCommentController.swift */ = {isa = PBXFileReference; lastKnownFileType = sourcecode.swift; path = ListCommentController.swift; sourceTree = "<group>"; };
		23679F4B228D6DB100F427DD /* OneCommentController.swift */ = {isa = PBXFileReference; lastKnownFileType = sourcecode.swift; path = OneCommentController.swift; sourceTree = "<group>"; };
		23679F50228D7EF100F427DD /* CommentCell.swift */ = {isa = PBXFileReference; lastKnownFileType = sourcecode.swift; path = CommentCell.swift; sourceTree = "<group>"; };
		23679F51228D7EF100F427DD /* CommentCell.xib */ = {isa = PBXFileReference; lastKnownFileType = file.xib; path = CommentCell.xib; sourceTree = "<group>"; };
		23679F54228E5DB000F427DD /* NoCommentCell.swift */ = {isa = PBXFileReference; lastKnownFileType = sourcecode.swift; path = NoCommentCell.swift; sourceTree = "<group>"; };
		23679F55228E5DB000F427DD /* NoCommentCell.xib */ = {isa = PBXFileReference; lastKnownFileType = file.xib; path = NoCommentCell.xib; sourceTree = "<group>"; };
		2368A25D228BACBE00B6CB76 /* ItemService.swift */ = {isa = PBXFileReference; lastKnownFileType = sourcecode.swift; path = ItemService.swift; sourceTree = "<group>"; };
		2368A25F228BADE100B6CB76 /* ItemResponse.swift */ = {isa = PBXFileReference; lastKnownFileType = sourcecode.swift; path = ItemResponse.swift; sourceTree = "<group>"; };
		236E3500228285E00031E02B /* SignUp.storyboard */ = {isa = PBXFileReference; lastKnownFileType = file.storyboard; path = SignUp.storyboard; sourceTree = "<group>"; };
		236E35022282885B0031E02B /* LoginController.swift */ = {isa = PBXFileReference; lastKnownFileType = sourcecode.swift; path = LoginController.swift; sourceTree = "<group>"; };
		2383FCF12287B950004A403A /* ImageServices.swift */ = {isa = PBXFileReference; lastKnownFileType = sourcecode.swift; path = ImageServices.swift; sourceTree = "<group>"; };
		23A786AB229645AE00897A2F /* SearchResponse.swift */ = {isa = PBXFileReference; lastKnownFileType = sourcecode.swift; path = SearchResponse.swift; sourceTree = "<group>"; };
		23A786AD229645DB00897A2F /* SearchService.swift */ = {isa = PBXFileReference; lastKnownFileType = sourcecode.swift; path = SearchService.swift; sourceTree = "<group>"; };
		2F0DE686F0108FD94A40D130 /* Pods_freshfood_shopowner.framework */ = {isa = PBXFileReference; explicitFileType = wrapper.framework; includeInIndex = 0; path = Pods_freshfood_shopowner.framework; sourceTree = BUILT_PRODUCTS_DIR; };
		D80208177153C8BB3C9A1E25 /* Pods-freshfood_shopowner.release.xcconfig */ = {isa = PBXFileReference; includeInIndex = 1; lastKnownFileType = text.xcconfig; name = "Pods-freshfood_shopowner.release.xcconfig"; path = "Pods/Target Support Files/Pods-freshfood_shopowner/Pods-freshfood_shopowner.release.xcconfig"; sourceTree = "<group>"; };
		EDFE7BE66087E41D0EF6BA31 /* Pods-freshfood_shopowner.debug.xcconfig */ = {isa = PBXFileReference; includeInIndex = 1; lastKnownFileType = text.xcconfig; name = "Pods-freshfood_shopowner.debug.xcconfig"; path = "Pods/Target Support Files/Pods-freshfood_shopowner/Pods-freshfood_shopowner.debug.xcconfig"; sourceTree = "<group>"; };
/* End PBXFileReference section */

/* Begin PBXFrameworksBuildPhase section */
		2332DD8A22827F3D008F0CBE /* Frameworks */ = {
			isa = PBXFrameworksBuildPhase;
			buildActionMask = 2147483647;
			files = (
				0AFAFA7D73C7CD1736AE1C0F /* Pods_freshfood_shopowner.framework in Frameworks */,
			);
			runOnlyForDeploymentPostprocessing = 0;
		};
/* End PBXFrameworksBuildPhase section */

/* Begin PBXGroup section */
		23075B4F2282939C0088AB24 /* Libraries */ = {
			isa = PBXGroup;
			children = (
				23075B522282942C0088AB24 /* ExtensionUI */,
				23075B512282941D0088AB24 /* DataLibrary */,
				23075B50228293BF0088AB24 /* Uitilities */,
			);
			name = Libraries;
			path = "New Group";
			sourceTree = "<group>";
		};
		23075B50228293BF0088AB24 /* Uitilities */ = {
			isa = PBXGroup;
			children = (
				23075B532282945E0088AB24 /* Constant.swift */,
				23075B55228294760088AB24 /* NotificationConstant.swift */,
			);
			path = Uitilities;
			sourceTree = "<group>";
		};
		23075B512282941D0088AB24 /* DataLibrary */ = {
			isa = PBXGroup;
			children = (
				23075B57228294AF0088AB24 /* DateTimeLibrary.swift */,
				23075B59228294C90088AB24 /* GeneralValueItem.swift */,
				23075B5B228294D70088AB24 /* StringLibrary.swift */,
				23075B5D228294E70088AB24 /* ExtensionDouble.swift */,
			);
			path = DataLibrary;
			sourceTree = "<group>";
		};
		23075B522282942C0088AB24 /* ExtensionUI */ = {
			isa = PBXGroup;
			children = (
				23075B5F2282956B0088AB24 /* ExtensionUIImage.swift */,
				23075B612282957E0088AB24 /* ExtensionTextField.swift */,
				23075B63228295900088AB24 /* ExtensionStackView.swift */,
				23075B65228295A50088AB24 /* ExtensionButton.swift */,
				23075B67228295B80088AB24 /* ExtensionUICollectionView.swift */,
				23075B69228295C50088AB24 /* ExtensionUIView.swift */,
				23075B6B228295D70088AB24 /* ExtensionUiLable.swift */,
				23075B6D228295E80088AB24 /* CustomImageView.swift */,
			);
			path = ExtensionUI;
			sourceTree = "<group>";
		};
		23075B6F2282A50E0088AB24 /* Controller */ = {
			isa = PBXGroup;
			children = (
				23679F4A228D6D8900F427DD /* comment */,
				232274F8228826D0002EE964 /* food */,
				235A440622867C89000AC7DA /* auth */,
				23075B872282B3D60088AB24 /* shop */,
				2332DD9022827F3D008F0CBE /* AppDelegate.swift */,
				23075B702282A5250088AB24 /* View */,
			);
			path = Controller;
			sourceTree = "<group>";
		};
		23075B702282A5250088AB24 /* View */ = {
			isa = PBXGroup;
			children = (
				2332DD9422827F3D008F0CBE /* Main.storyboard */,
				2332DD9922827F40008F0CBE /* LaunchScreen.storyboard */,
				236E3500228285E00031E02B /* SignUp.storyboard */,
			);
			path = View;
			sourceTree = "<group>";
		};
		23075B712282A5360088AB24 /* Resource */ = {
			isa = PBXGroup;
			children = (
				2332DD9722827F40008F0CBE /* Assets.xcassets */,
			);
			path = Resource;
			sourceTree = "<group>";
		};
		23075B722282A8CC0088AB24 /* Model */ = {
			isa = PBXGroup;
			children = (
				23075B8C2282C9280088AB24 /* response */,
			);
			path = Model;
			sourceTree = "<group>";
		};
		23075B872282B3D60088AB24 /* shop */ = {
			isa = PBXGroup;
			children = (
				235E14492285285F009109EC /* View */,
				23075B882282B3F00088AB24 /* ListShopController.swift */,
				23075B8F2282CACC0088AB24 /* AddNewShopController.swift */,
			);
			path = shop;
			sourceTree = "<group>";
		};
		23075B8C2282C9280088AB24 /* response */ = {
			isa = PBXGroup;
			children = (
				23075B8A2282C0AF0088AB24 /* UserResponse.swift */,
				23075B8D2282C9A00088AB24 /* ShopResponse.swift */,
				2337F7772286E4E700D9E35F /* ShopItemResponse.swift */,
				233B40A6228941550041D562 /* CommentResponse.swift */,
				2368A25F228BADE100B6CB76 /* ItemResponse.swift */,
				23A786AB229645AE00897A2F /* SearchResponse.swift */,
			);
			path = response;
			sourceTree = "<group>";
		};
		23075B912282D1C10088AB24 /* MapServices */ = {
			isa = PBXGroup;
			children = (
				23075B932282D1F20088AB24 /* Request */,
				23075B922282D1E70088AB24 /* Response */,
				23075B942282D2050088AB24 /* MapManager.swift */,
				23075B962282D21A0088AB24 /* MapRouter.swift */,
				23075B982282D22D0088AB24 /* MapTaskManager.swift */,
			);
			path = MapServices;
			sourceTree = "<group>";
		};
		23075B922282D1E70088AB24 /* Response */ = {
			isa = PBXGroup;
			children = (
				23075B9A2282D2510088AB24 /* MapResponseDirection.swift */,
			);
			path = Response;
			sourceTree = "<group>";
		};
		23075B932282D1F20088AB24 /* Request */ = {
			isa = PBXGroup;
			children = (
				23075B9C2282D2680088AB24 /* MapRequestBodyDirection.swift */,
			);
			path = Request;
			sourceTree = "<group>";
		};
		23075B9E2282D2770088AB24 /* Protocol */ = {
			isa = PBXGroup;
			children = (
				23075B9F2282D2930088AB24 /* LocationServicesProtocol.swift */,
			);
			path = Protocol;
			sourceTree = "<group>";
		};
		232274F32287FF03002EE964 /* view */ = {
			isa = PBXGroup;
			children = (
				232274F42287FF57002EE964 /* UserCommentCell.swift */,
				232274F52287FF57002EE964 /* UserCommentCell.xib */,
			);
			path = view;
			sourceTree = "<group>";
		};
		232274F8228826D0002EE964 /* food */ = {
			isa = PBXGroup;
			children = (
				232274FB22882924002EE964 /* view */,
				2337F7732286DD0700D9E35F /* ListFoodsController.swift */,
				232274F9228826F8002EE964 /* AddFoodController.swift */,
			);
			path = food;
			sourceTree = "<group>";
		};
		232274FB22882924002EE964 /* view */ = {
			isa = PBXGroup;
			children = (
				2337F7752286DE9300D9E35F /* FoodCell.swift */,
				2322750222883004002EE964 /* FoodImageCell.swift */,
				2322750322883004002EE964 /* FoodImageCell.xib */,
			);
			path = view;
			sourceTree = "<group>";
		};
		2332DD8422827F3D008F0CBE = {
			isa = PBXGroup;
			children = (
				2332DD8F22827F3D008F0CBE /* freshfood_shopowner */,
				2332DD8E22827F3D008F0CBE /* Products */,
				AA06D275DA3E0250C8075E7C /* Pods */,
				23DA2771CF5FA53A4FA8A14A /* Frameworks */,
			);
			sourceTree = "<group>";
		};
		2332DD8E22827F3D008F0CBE /* Products */ = {
			isa = PBXGroup;
			children = (
				2332DD8D22827F3D008F0CBE /* freshfood_shopowner.app */,
			);
			name = Products;
			sourceTree = "<group>";
		};
		2332DD8F22827F3D008F0CBE /* freshfood_shopowner */ = {
			isa = PBXGroup;
			children = (
				23075B9E2282D2770088AB24 /* Protocol */,
				23075B4F2282939C0088AB24 /* Libraries */,
				23075B722282A8CC0088AB24 /* Model */,
				2354F0122282921800AC9BC1 /* Services */,
				23075B712282A5360088AB24 /* Resource */,
				23075B6F2282A50E0088AB24 /* Controller */,
				2332DD9C22827F40008F0CBE /* Info.plist */,
				235C921E2289054A00059D5C /* GoogleService-Info.plist */,
				233B40A1228911E30041D562 /* MBProgressHUD.h */,
				233B40A2228911E70041D562 /* MBProgressHUD.m */,
				235C922022890E1200059D5C /* freshfood_shopowner-Bridging-Header.h */,
			);
			path = freshfood_shopowner;
			sourceTree = "<group>";
		};
		2354F0122282921800AC9BC1 /* Services */ = {
			isa = PBXGroup;
			children = (
				23075B912282D1C10088AB24 /* MapServices */,
				2354F0132282922F00AC9BC1 /* AuthServices.swift */,
				235E144C22854DAF009109EC /* ShopService.swift */,
				2337F7792286EE0A00D9E35F /* ShopItemServices.swift */,
				2383FCF12287B950004A403A /* ImageServices.swift */,
				2316DADE22897CEC00378745 /* CommentServices.swift */,
				2368A25D228BACBE00B6CB76 /* ItemService.swift */,
				23A786AD229645DB00897A2F /* SearchService.swift */,
			);
			path = Services;
			sourceTree = "<group>";
		};
		235A440622867C89000AC7DA /* auth */ = {
			isa = PBXGroup;
			children = (
				232274F32287FF03002EE964 /* view */,
				2354F010228290C500AC9BC1 /* SignUpController.swift */,
				236E35022282885B0031E02B /* LoginController.swift */,
				232274ED2287FB2A002EE964 /* AccountController.swift */,
				232274EF2287FB3E002EE964 /* ChangePasswordController.swift */,
				232274F12287FB4F002EE964 /* EditInforController.swift */,
			);
			path = auth;
			sourceTree = "<group>";
		};
		235E14492285285F009109EC /* View */ = {
			isa = PBXGroup;
			children = (
				235E144A22852886009109EC /* ShopCell.swift */,
			);
			path = View;
			sourceTree = "<group>";
		};
		23679F4A228D6D8900F427DD /* comment */ = {
			isa = PBXGroup;
			children = (
				23679F4D228D7EB100F427DD /* view */,
				23679F4B228D6DB100F427DD /* OneCommentController.swift */,
				23679F48228D6D7D00F427DD /* ListCommentController.swift */,
			);
			name = comment;
			path = "New Group";
			sourceTree = "<group>";
		};
		23679F4D228D7EB100F427DD /* view */ = {
			isa = PBXGroup;
			children = (
				23679F50228D7EF100F427DD /* CommentCell.swift */,
				23679F51228D7EF100F427DD /* CommentCell.xib */,
				23679F54228E5DB000F427DD /* NoCommentCell.swift */,
				23679F55228E5DB000F427DD /* NoCommentCell.xib */,
			);
			path = view;
			sourceTree = "<group>";
		};
		23DA2771CF5FA53A4FA8A14A /* Frameworks */ = {
			isa = PBXGroup;
			children = (
				2F0DE686F0108FD94A40D130 /* Pods_freshfood_shopowner.framework */,
			);
			name = Frameworks;
			sourceTree = "<group>";
		};
		AA06D275DA3E0250C8075E7C /* Pods */ = {
			isa = PBXGroup;
			children = (
				EDFE7BE66087E41D0EF6BA31 /* Pods-freshfood_shopowner.debug.xcconfig */,
				D80208177153C8BB3C9A1E25 /* Pods-freshfood_shopowner.release.xcconfig */,
			);
			name = Pods;
			sourceTree = "<group>";
		};
/* End PBXGroup section */

/* Begin PBXNativeTarget section */
		2332DD8C22827F3D008F0CBE /* freshfood_shopowner */ = {
			isa = PBXNativeTarget;
			buildConfigurationList = 2332DD9F22827F40008F0CBE /* Build configuration list for PBXNativeTarget "freshfood_shopowner" */;
			buildPhases = (
				C20DDC3ABA10E3DE7CADF633 /* [CP] Check Pods Manifest.lock */,
				2332DD8922827F3D008F0CBE /* Sources */,
				2332DD8A22827F3D008F0CBE /* Frameworks */,
				2332DD8B22827F3D008F0CBE /* Resources */,
				495B5FE89EF23182626E8D81 /* [CP] Embed Pods Frameworks */,
				B3B8A5A731A55D59E78E8B38 /* [CP] Copy Pods Resources */,
			);
			buildRules = (
			);
			dependencies = (
			);
			name = freshfood_shopowner;
			productName = freshfood_shopowner;
			productReference = 2332DD8D22827F3D008F0CBE /* freshfood_shopowner.app */;
			productType = "com.apple.product-type.application";
		};
/* End PBXNativeTarget section */

/* Begin PBXProject section */
		2332DD8522827F3D008F0CBE /* Project object */ = {
			isa = PBXProject;
			attributes = {
				LastSwiftUpdateCheck = 1010;
				LastUpgradeCheck = 1010;
				ORGANIZATIONNAME = "Tu (Callie) T. NGUYEN";
				TargetAttributes = {
					2332DD8C22827F3D008F0CBE = {
						CreatedOnToolsVersion = 10.1;
						LastSwiftMigration = 1010;
					};
				};
			};
			buildConfigurationList = 2332DD8822827F3D008F0CBE /* Build configuration list for PBXProject "freshfood_shopowner" */;
			compatibilityVersion = "Xcode 9.3";
			developmentRegion = en;
			hasScannedForEncodings = 0;
			knownRegions = (
				en,
				Base,
			);
			mainGroup = 2332DD8422827F3D008F0CBE;
			productRefGroup = 2332DD8E22827F3D008F0CBE /* Products */;
			projectDirPath = "";
			projectRoot = "";
			targets = (
				2332DD8C22827F3D008F0CBE /* freshfood_shopowner */,
			);
		};
/* End PBXProject section */

/* Begin PBXResourcesBuildPhase section */
		2332DD8B22827F3D008F0CBE /* Resources */ = {
			isa = PBXResourcesBuildPhase;
			buildActionMask = 2147483647;
			files = (
				236E3501228285E00031E02B /* SignUp.storyboard in Resources */,
				235C921F2289054A00059D5C /* GoogleService-Info.plist in Resources */,
				2332DD9B22827F40008F0CBE /* LaunchScreen.storyboard in Resources */,
				23679F53228D7EF100F427DD /* CommentCell.xib in Resources */,
				2332DD9822827F40008F0CBE /* Assets.xcassets in Resources */,
				23679F57228E5DB000F427DD /* NoCommentCell.xib in Resources */,
				232274F72287FF57002EE964 /* UserCommentCell.xib in Resources */,
				2322750522883004002EE964 /* FoodImageCell.xib in Resources */,
				2332DD9622827F3D008F0CBE /* Main.storyboard in Resources */,
			);
			runOnlyForDeploymentPostprocessing = 0;
		};
/* End PBXResourcesBuildPhase section */

/* Begin PBXShellScriptBuildPhase section */
		495B5FE89EF23182626E8D81 /* [CP] Embed Pods Frameworks */ = {
			isa = PBXShellScriptBuildPhase;
			buildActionMask = 2147483647;
			files = (
			);
			inputPaths = (
				"${SRCROOT}/Pods/Target Support Files/Pods-freshfood_shopowner/Pods-freshfood_shopowner-frameworks.sh",
				"${BUILT_PRODUCTS_DIR}/Alamofire/Alamofire.framework",
				"${BUILT_PRODUCTS_DIR}/BoringSSL/openssl.framework",
				"${BUILT_PRODUCTS_DIR}/Cosmos/Cosmos.framework",
				"${BUILT_PRODUCTS_DIR}/GTMSessionFetcher/GTMSessionFetcher.framework",
				"${BUILT_PRODUCTS_DIR}/GoogleUtilities/GoogleUtilities.framework",
				"${BUILT_PRODUCTS_DIR}/IQKeyboardManagerSwift/IQKeyboardManagerSwift.framework",
				"${BUILT_PRODUCTS_DIR}/ObjectMapper/ObjectMapper.framework",
				"${BUILT_PRODUCTS_DIR}/PKHUD/PKHUD.framework",
				"${BUILT_PRODUCTS_DIR}/Protobuf/Protobuf.framework",
				"${BUILT_PRODUCTS_DIR}/PryntTrimmerView/PryntTrimmerView.framework",
				"${BUILT_PRODUCTS_DIR}/SteviaLayout/Stevia.framework",
				"${BUILT_PRODUCTS_DIR}/YPImagePicker/YPImagePicker.framework",
				"${BUILT_PRODUCTS_DIR}/gRPC-C++/grpcpp.framework",
				"${BUILT_PRODUCTS_DIR}/gRPC-Core/grpc.framework",
				"${BUILT_PRODUCTS_DIR}/leveldb-library/leveldb.framework",
				"${BUILT_PRODUCTS_DIR}/nanopb/nanopb.framework",
			);
			name = "[CP] Embed Pods Frameworks";
			outputPaths = (
				"${TARGET_BUILD_DIR}/${FRAMEWORKS_FOLDER_PATH}/Alamofire.framework",
				"${TARGET_BUILD_DIR}/${FRAMEWORKS_FOLDER_PATH}/openssl.framework",
				"${TARGET_BUILD_DIR}/${FRAMEWORKS_FOLDER_PATH}/Cosmos.framework",
				"${TARGET_BUILD_DIR}/${FRAMEWORKS_FOLDER_PATH}/GTMSessionFetcher.framework",
				"${TARGET_BUILD_DIR}/${FRAMEWORKS_FOLDER_PATH}/GoogleUtilities.framework",
				"${TARGET_BUILD_DIR}/${FRAMEWORKS_FOLDER_PATH}/IQKeyboardManagerSwift.framework",
				"${TARGET_BUILD_DIR}/${FRAMEWORKS_FOLDER_PATH}/ObjectMapper.framework",
				"${TARGET_BUILD_DIR}/${FRAMEWORKS_FOLDER_PATH}/PKHUD.framework",
				"${TARGET_BUILD_DIR}/${FRAMEWORKS_FOLDER_PATH}/Protobuf.framework",
				"${TARGET_BUILD_DIR}/${FRAMEWORKS_FOLDER_PATH}/PryntTrimmerView.framework",
				"${TARGET_BUILD_DIR}/${FRAMEWORKS_FOLDER_PATH}/Stevia.framework",
				"${TARGET_BUILD_DIR}/${FRAMEWORKS_FOLDER_PATH}/YPImagePicker.framework",
				"${TARGET_BUILD_DIR}/${FRAMEWORKS_FOLDER_PATH}/grpcpp.framework",
				"${TARGET_BUILD_DIR}/${FRAMEWORKS_FOLDER_PATH}/grpc.framework",
				"${TARGET_BUILD_DIR}/${FRAMEWORKS_FOLDER_PATH}/leveldb.framework",
				"${TARGET_BUILD_DIR}/${FRAMEWORKS_FOLDER_PATH}/nanopb.framework",
			);
			runOnlyForDeploymentPostprocessing = 0;
			shellPath = /bin/sh;
			shellScript = "\"${SRCROOT}/Pods/Target Support Files/Pods-freshfood_shopowner/Pods-freshfood_shopowner-frameworks.sh\"\n";
			showEnvVarsInLog = 0;
		};
		B3B8A5A731A55D59E78E8B38 /* [CP] Copy Pods Resources */ = {
			isa = PBXShellScriptBuildPhase;
			buildActionMask = 2147483647;
			files = (
			);
			inputPaths = (
				"${SRCROOT}/Pods/Target Support Files/Pods-freshfood_shopowner/Pods-freshfood_shopowner-resources.sh",
				"${PODS_CONFIGURATION_BUILD_DIR}/FirebaseFirestore/gRPCCertificates-Firestore.bundle",
				"${PODS_ROOT}/GoogleMaps/Maps/Frameworks/GoogleMaps.framework/Resources/GoogleMaps.bundle",
			);
			name = "[CP] Copy Pods Resources";
			outputPaths = (
				"${TARGET_BUILD_DIR}/${UNLOCALIZED_RESOURCES_FOLDER_PATH}/gRPCCertificates-Firestore.bundle",
				"${TARGET_BUILD_DIR}/${UNLOCALIZED_RESOURCES_FOLDER_PATH}/GoogleMaps.bundle",
			);
			runOnlyForDeploymentPostprocessing = 0;
			shellPath = /bin/sh;
			shellScript = "\"${SRCROOT}/Pods/Target Support Files/Pods-freshfood_shopowner/Pods-freshfood_shopowner-resources.sh\"\n";
			showEnvVarsInLog = 0;
		};
		C20DDC3ABA10E3DE7CADF633 /* [CP] Check Pods Manifest.lock */ = {
			isa = PBXShellScriptBuildPhase;
			buildActionMask = 2147483647;
			files = (
			);
			inputPaths = (
				"${PODS_PODFILE_DIR_PATH}/Podfile.lock",
				"${PODS_ROOT}/Manifest.lock",
			);
			name = "[CP] Check Pods Manifest.lock";
			outputPaths = (
				"$(DERIVED_FILE_DIR)/Pods-freshfood_shopowner-checkManifestLockResult.txt",
			);
			runOnlyForDeploymentPostprocessing = 0;
			shellPath = /bin/sh;
			shellScript = "diff \"${PODS_PODFILE_DIR_PATH}/Podfile.lock\" \"${PODS_ROOT}/Manifest.lock\" > /dev/null\nif [ $? != 0 ] ; then\n    # print error to STDERR\n    echo \"error: The sandbox is not in sync with the Podfile.lock. Run 'pod install' or update your CocoaPods installation.\" >&2\n    exit 1\nfi\n# This output is used by Xcode 'outputs' to avoid re-running this script phase.\necho \"SUCCESS\" > \"${SCRIPT_OUTPUT_FILE_0}\"\n";
			showEnvVarsInLog = 0;
		};
/* End PBXShellScriptBuildPhase section */

/* Begin PBXSourcesBuildPhase section */
		2332DD8922827F3D008F0CBE /* Sources */ = {
			isa = PBXSourcesBuildPhase;
			buildActionMask = 2147483647;
			files = (
				232274FA228826F8002EE964 /* AddFoodController.swift in Sources */,
				23075B5C228294D70088AB24 /* StringLibrary.swift in Sources */,
				23075B9B2282D2510088AB24 /* MapResponseDirection.swift in Sources */,
				23075B992282D22D0088AB24 /* MapTaskManager.swift in Sources */,
				23075B6E228295E80088AB24 /* CustomImageView.swift in Sources */,
				232274EE2287FB2A002EE964 /* AccountController.swift in Sources */,
				23679F52228D7EF100F427DD /* CommentCell.swift in Sources */,
				235E144D22854DAF009109EC /* ShopService.swift in Sources */,
				23075B8B2282C0AF0088AB24 /* UserResponse.swift in Sources */,
				23679F49228D6D7D00F427DD /* ListCommentController.swift in Sources */,
				233B40A7228941550041D562 /* CommentResponse.swift in Sources */,
				23075B902282CACC0088AB24 /* AddNewShopController.swift in Sources */,
				23075B622282957E0088AB24 /* ExtensionTextField.swift in Sources */,
				23A786AE229645DB00897A2F /* SearchService.swift in Sources */,
				2337F77A2286EE0A00D9E35F /* ShopItemServices.swift in Sources */,
				2322750422883004002EE964 /* FoodImageCell.swift in Sources */,
				23075B9D2282D2680088AB24 /* MapRequestBodyDirection.swift in Sources */,
				2332DD9122827F3D008F0CBE /* AppDelegate.swift in Sources */,
				235E144B22852886009109EC /* ShopCell.swift in Sources */,
				23075B5E228294E70088AB24 /* ExtensionDouble.swift in Sources */,
				236E35032282885B0031E02B /* LoginController.swift in Sources */,
				2316DADF22897CEC00378745 /* CommentServices.swift in Sources */,
				23075B56228294760088AB24 /* NotificationConstant.swift in Sources */,
				23679F56228E5DB000F427DD /* NoCommentCell.swift in Sources */,
				23075B6A228295C50088AB24 /* ExtensionUIView.swift in Sources */,
				23075B952282D2050088AB24 /* MapManager.swift in Sources */,
				23075B64228295900088AB24 /* ExtensionStackView.swift in Sources */,
				23075B5A228294C90088AB24 /* GeneralValueItem.swift in Sources */,
				2337F7742286DD0800D9E35F /* ListFoodsController.swift in Sources */,
				23075B542282945E0088AB24 /* Constant.swift in Sources */,
				23A786AC229645AE00897A2F /* SearchResponse.swift in Sources */,
				2337F7762286DE9300D9E35F /* FoodCell.swift in Sources */,
				2337F7782286E4E700D9E35F /* ShopItemResponse.swift in Sources */,
				232274F02287FB3E002EE964 /* ChangePasswordController.swift in Sources */,
				23075B972282D21A0088AB24 /* MapRouter.swift in Sources */,
				233B40A3228911E70041D562 /* MBProgressHUD.m in Sources */,
				23075B66228295A50088AB24 /* ExtensionButton.swift in Sources */,
				23075B8E2282C9A00088AB24 /* ShopResponse.swift in Sources */,
				2368A25E228BACBE00B6CB76 /* ItemService.swift in Sources */,
				232274F62287FF57002EE964 /* UserCommentCell.swift in Sources */,
				23075B602282956B0088AB24 /* ExtensionUIImage.swift in Sources */,
				2383FCF22287B950004A403A /* ImageServices.swift in Sources */,
				23075B892282B3F00088AB24 /* ListShopController.swift in Sources */,
				23075B68228295B80088AB24 /* ExtensionUICollectionView.swift in Sources */,
				23075BA02282D2930088AB24 /* LocationServicesProtocol.swift in Sources */,
				23075B58228294AF0088AB24 /* DateTimeLibrary.swift in Sources */,
				2354F011228290C500AC9BC1 /* SignUpController.swift in Sources */,
				232274F22287FB4F002EE964 /* EditInforController.swift in Sources */,
				2354F0142282922F00AC9BC1 /* AuthServices.swift in Sources */,
				2368A260228BADE100B6CB76 /* ItemResponse.swift in Sources */,
				23679F4C228D6DB100F427DD /* OneCommentController.swift in Sources */,
				23075B6C228295D70088AB24 /* ExtensionUiLable.swift in Sources */,
			);
			runOnlyForDeploymentPostprocessing = 0;
		};
/* End PBXSourcesBuildPhase section */

/* Begin PBXVariantGroup section */
		2332DD9422827F3D008F0CBE /* Main.storyboard */ = {
			isa = PBXVariantGroup;
			children = (
				2332DD9522827F3D008F0CBE /* Base */,
			);
			name = Main.storyboard;
			sourceTree = "<group>";
		};
		2332DD9922827F40008F0CBE /* LaunchScreen.storyboard */ = {
			isa = PBXVariantGroup;
			children = (
				2332DD9A22827F40008F0CBE /* Base */,
			);
			name = LaunchScreen.storyboard;
			sourceTree = "<group>";
		};
/* End PBXVariantGroup section */

/* Begin XCBuildConfiguration section */
		2332DD9D22827F40008F0CBE /* Debug */ = {
			isa = XCBuildConfiguration;
			buildSettings = {
				ALWAYS_SEARCH_USER_PATHS = NO;
				CLANG_ANALYZER_NONNULL = YES;
				CLANG_ANALYZER_NUMBER_OBJECT_CONVERSION = YES_AGGRESSIVE;
				CLANG_CXX_LANGUAGE_STANDARD = "gnu++14";
				CLANG_CXX_LIBRARY = "libc++";
				CLANG_ENABLE_MODULES = YES;
				CLANG_ENABLE_OBJC_ARC = YES;
				CLANG_ENABLE_OBJC_WEAK = YES;
				CLANG_WARN_BLOCK_CAPTURE_AUTORELEASING = YES;
				CLANG_WARN_BOOL_CONVERSION = YES;
				CLANG_WARN_COMMA = YES;
				CLANG_WARN_CONSTANT_CONVERSION = YES;
				CLANG_WARN_DEPRECATED_OBJC_IMPLEMENTATIONS = YES;
				CLANG_WARN_DIRECT_OBJC_ISA_USAGE = YES_ERROR;
				CLANG_WARN_DOCUMENTATION_COMMENTS = YES;
				CLANG_WARN_EMPTY_BODY = YES;
				CLANG_WARN_ENUM_CONVERSION = YES;
				CLANG_WARN_INFINITE_RECURSION = YES;
				CLANG_WARN_INT_CONVERSION = YES;
				CLANG_WARN_NON_LITERAL_NULL_CONVERSION = YES;
				CLANG_WARN_OBJC_IMPLICIT_RETAIN_SELF = YES;
				CLANG_WARN_OBJC_LITERAL_CONVERSION = YES;
				CLANG_WARN_OBJC_ROOT_CLASS = YES_ERROR;
				CLANG_WARN_RANGE_LOOP_ANALYSIS = YES;
				CLANG_WARN_STRICT_PROTOTYPES = YES;
				CLANG_WARN_SUSPICIOUS_MOVE = YES;
				CLANG_WARN_UNGUARDED_AVAILABILITY = YES_AGGRESSIVE;
				CLANG_WARN_UNREACHABLE_CODE = YES;
				CLANG_WARN__DUPLICATE_METHOD_MATCH = YES;
				CODE_SIGN_IDENTITY = "iPhone Developer";
				COPY_PHASE_STRIP = NO;
				DEBUG_INFORMATION_FORMAT = dwarf;
				ENABLE_STRICT_OBJC_MSGSEND = YES;
				ENABLE_TESTABILITY = YES;
				GCC_C_LANGUAGE_STANDARD = gnu11;
				GCC_DYNAMIC_NO_PIC = NO;
				GCC_NO_COMMON_BLOCKS = YES;
				GCC_OPTIMIZATION_LEVEL = 0;
				GCC_PREPROCESSOR_DEFINITIONS = (
					"DEBUG=1",
					"$(inherited)",
				);
				GCC_WARN_64_TO_32_BIT_CONVERSION = YES;
				GCC_WARN_ABOUT_RETURN_TYPE = YES_ERROR;
				GCC_WARN_UNDECLARED_SELECTOR = YES;
				GCC_WARN_UNINITIALIZED_AUTOS = YES_AGGRESSIVE;
				GCC_WARN_UNUSED_FUNCTION = YES;
				GCC_WARN_UNUSED_VARIABLE = YES;
				IPHONEOS_DEPLOYMENT_TARGET = 11.0;
				MTL_ENABLE_DEBUG_INFO = INCLUDE_SOURCE;
				MTL_FAST_MATH = YES;
				ONLY_ACTIVE_ARCH = YES;
				SDKROOT = iphoneos;
				SWIFT_ACTIVE_COMPILATION_CONDITIONS = DEBUG;
				SWIFT_OPTIMIZATION_LEVEL = "-Onone";
			};
			name = Debug;
		};
		2332DD9E22827F40008F0CBE /* Release */ = {
			isa = XCBuildConfiguration;
			buildSettings = {
				ALWAYS_SEARCH_USER_PATHS = NO;
				CLANG_ANALYZER_NONNULL = YES;
				CLANG_ANALYZER_NUMBER_OBJECT_CONVERSION = YES_AGGRESSIVE;
				CLANG_CXX_LANGUAGE_STANDARD = "gnu++14";
				CLANG_CXX_LIBRARY = "libc++";
				CLANG_ENABLE_MODULES = YES;
				CLANG_ENABLE_OBJC_ARC = YES;
				CLANG_ENABLE_OBJC_WEAK = YES;
				CLANG_WARN_BLOCK_CAPTURE_AUTORELEASING = YES;
				CLANG_WARN_BOOL_CONVERSION = YES;
				CLANG_WARN_COMMA = YES;
				CLANG_WARN_CONSTANT_CONVERSION = YES;
				CLANG_WARN_DEPRECATED_OBJC_IMPLEMENTATIONS = YES;
				CLANG_WARN_DIRECT_OBJC_ISA_USAGE = YES_ERROR;
				CLANG_WARN_DOCUMENTATION_COMMENTS = YES;
				CLANG_WARN_EMPTY_BODY = YES;
				CLANG_WARN_ENUM_CONVERSION = YES;
				CLANG_WARN_INFINITE_RECURSION = YES;
				CLANG_WARN_INT_CONVERSION = YES;
				CLANG_WARN_NON_LITERAL_NULL_CONVERSION = YES;
				CLANG_WARN_OBJC_IMPLICIT_RETAIN_SELF = YES;
				CLANG_WARN_OBJC_LITERAL_CONVERSION = YES;
				CLANG_WARN_OBJC_ROOT_CLASS = YES_ERROR;
				CLANG_WARN_RANGE_LOOP_ANALYSIS = YES;
				CLANG_WARN_STRICT_PROTOTYPES = YES;
				CLANG_WARN_SUSPICIOUS_MOVE = YES;
				CLANG_WARN_UNGUARDED_AVAILABILITY = YES_AGGRESSIVE;
				CLANG_WARN_UNREACHABLE_CODE = YES;
				CLANG_WARN__DUPLICATE_METHOD_MATCH = YES;
				CODE_SIGN_IDENTITY = "iPhone Developer";
				COPY_PHASE_STRIP = NO;
				DEBUG_INFORMATION_FORMAT = "dwarf-with-dsym";
				ENABLE_NS_ASSERTIONS = NO;
				ENABLE_STRICT_OBJC_MSGSEND = YES;
				GCC_C_LANGUAGE_STANDARD = gnu11;
				GCC_NO_COMMON_BLOCKS = YES;
				GCC_WARN_64_TO_32_BIT_CONVERSION = YES;
				GCC_WARN_ABOUT_RETURN_TYPE = YES_ERROR;
				GCC_WARN_UNDECLARED_SELECTOR = YES;
				GCC_WARN_UNINITIALIZED_AUTOS = YES_AGGRESSIVE;
				GCC_WARN_UNUSED_FUNCTION = YES;
				GCC_WARN_UNUSED_VARIABLE = YES;
				IPHONEOS_DEPLOYMENT_TARGET = 11.0;
				MTL_ENABLE_DEBUG_INFO = NO;
				MTL_FAST_MATH = YES;
				SDKROOT = iphoneos;
				SWIFT_COMPILATION_MODE = wholemodule;
				SWIFT_OPTIMIZATION_LEVEL = "-O";
				VALIDATE_PRODUCT = YES;
			};
			name = Release;
		};
		2332DDA022827F40008F0CBE /* Debug */ = {
			isa = XCBuildConfiguration;
			baseConfigurationReference = EDFE7BE66087E41D0EF6BA31 /* Pods-freshfood_shopowner.debug.xcconfig */;
			buildSettings = {
				ASSETCATALOG_COMPILER_APPICON_NAME = AppIcon;
				CLANG_ENABLE_MODULES = YES;
				CODE_SIGN_STYLE = Automatic;
				DEVELOPMENT_TEAM = T23PE6R3CV;
				INFOPLIST_FILE = freshfood_shopowner/Info.plist;
				IPHONEOS_DEPLOYMENT_TARGET = 11.0;
				LD_RUNPATH_SEARCH_PATHS = (
					"$(inherited)",
					"@executable_path/Frameworks",
				);
				PRODUCT_BUNDLE_IDENTIFIER = "Enclave.freshfood-shopowner";
				PRODUCT_NAME = "$(TARGET_NAME)";
				SWIFT_OBJC_BRIDGING_HEADER = "freshfood_shopowner/freshfood_shopowner-Bridging-Header.h";
				SWIFT_OPTIMIZATION_LEVEL = "-Onone";
				SWIFT_VERSION = 4.2;
				TARGETED_DEVICE_FAMILY = 1;
			};
			name = Debug;
		};
		2332DDA122827F40008F0CBE /* Release */ = {
			isa = XCBuildConfiguration;
			baseConfigurationReference = D80208177153C8BB3C9A1E25 /* Pods-freshfood_shopowner.release.xcconfig */;
			buildSettings = {
				ASSETCATALOG_COMPILER_APPICON_NAME = AppIcon;
				CLANG_ENABLE_MODULES = YES;
				CODE_SIGN_STYLE = Automatic;
				DEVELOPMENT_TEAM = T23PE6R3CV;
				INFOPLIST_FILE = freshfood_shopowner/Info.plist;
				IPHONEOS_DEPLOYMENT_TARGET = 11.0;
				LD_RUNPATH_SEARCH_PATHS = (
					"$(inherited)",
					"@executable_path/Frameworks",
				);
				PRODUCT_BUNDLE_IDENTIFIER = "Enclave.freshfood-shopowner";
				PRODUCT_NAME = "$(TARGET_NAME)";
				SWIFT_OBJC_BRIDGING_HEADER = "freshfood_shopowner/freshfood_shopowner-Bridging-Header.h";
				SWIFT_VERSION = 4.2;
				TARGETED_DEVICE_FAMILY = 1;
			};
			name = Release;
		};
/* End XCBuildConfiguration section */

/* Begin XCConfigurationList section */
		2332DD8822827F3D008F0CBE /* Build configuration list for PBXProject "freshfood_shopowner" */ = {
			isa = XCConfigurationList;
			buildConfigurations = (
				2332DD9D22827F40008F0CBE /* Debug */,
				2332DD9E22827F40008F0CBE /* Release */,
			);
			defaultConfigurationIsVisible = 0;
			defaultConfigurationName = Release;
		};
		2332DD9F22827F40008F0CBE /* Build configuration list for PBXNativeTarget "freshfood_shopowner" */ = {
			isa = XCConfigurationList;
			buildConfigurations = (
				2332DDA022827F40008F0CBE /* Debug */,
				2332DDA122827F40008F0CBE /* Release */,
			);
			defaultConfigurationIsVisible = 0;
			defaultConfigurationName = Release;
		};
/* End XCConfigurationList section */
	};
	rootObject = 2332DD8522827F3D008F0CBE /* Project object */;
}
