// !$*UTF8*$!
{
	archiveVersion = 1;
	classes = {
	};
	objectVersion = 50;
	objects = {

/* Begin PBXBuildFile section */
		0AFAFA7D73C7CD1736AE1C0F /* Pods_freshfood_shopowner.framework in Frameworks */ = {isa = PBXBuildFile; fileRef = 2F0DE686F0108FD94A40D130 /* Pods_freshfood_shopowner.framework */; };
		23075B542282945E0088AB24 /* Constant.swift in Sources */ = {isa = PBXBuildFile; fileRef = 23075B532282945E0088AB24 /* Constant.swift */; };
		23075B56228294760088AB24 /* NotificationConstant.swift in Sources */ = {isa = PBXBuildFile; fileRef = 23075B55228294760088AB24 /* NotificationConstant.swift */; };
		23075B58228294AF0088AB24 /* DateTimeLibrary.swift in Sources */ = {isa = PBXBuildFile; fileRef = 23075B57228294AF0088AB24 /* DateTimeLibrary.swift */; };
		23075B5A228294C90088AB24 /* GeneralValueItem.swift in Sources */ = {isa = PBXBuildFile; fileRef = 23075B59228294C90088AB24 /* GeneralValueItem.swift */; };
		23075B5C228294D70088AB24 /* StringLibrary.swift in Sources */ = {isa = PBXBuildFile; fileRef = 23075B5B228294D70088AB24 /* StringLibrary.swift */; };
		23075B5E228294E70088AB24 /* ExtensionDouble.swift in Sources */ = {isa = PBXBuildFile; fileRef = 23075B5D228294E70088AB24 /* ExtensionDouble.swift */; };
		23075B602282956B0088AB24 /* ExtensionUIImage.swift in Sources */ = {isa = PBXBuildFile; fileRef = 23075B5F2282956B0088AB24 /* ExtensionUIImage.swift */; };
		23075B622282957E0088AB24 /* ExtensionTextField.swift in Sources */ = {isa = PBXBuildFile; fileRef = 23075B612282957E0088AB24 /* ExtensionTextField.swift */; };
		23075B64228295900088AB24 /* ExtensionStackView.swift in Sources */ = {isa = PBXBuildFile; fileRef = 23075B63228295900088AB24 /* ExtensionStackView.swift */; };
		23075B66228295A50088AB24 /* ExtensionButton.swift in Sources */ = {isa = PBXBuildFile; fileRef = 23075B65228295A50088AB24 /* ExtensionButton.swift */; };
		23075B68228295B80088AB24 /* ExtensionUICollectionView.swift in Sources */ = {isa = PBXBuildFile; fileRef = 23075B67228295B80088AB24 /* ExtensionUICollectionView.swift */; };
		23075B6A228295C50088AB24 /* ExtensionUIView.swift in Sources */ = {isa = PBXBuildFile; fileRef = 23075B69228295C50088AB24 /* ExtensionUIView.swift */; };
		23075B6C228295D70088AB24 /* ExtensionUiLable.swift in Sources */ = {isa = PBXBuildFile; fileRef = 23075B6B228295D70088AB24 /* ExtensionUiLable.swift */; };
		23075B6E228295E80088AB24 /* CustomImageView.swift in Sources */ = {isa = PBXBuildFile; fileRef = 23075B6D228295E80088AB24 /* CustomImageView.swift */; };
		23075B7D2282A94F0088AB24 /* Comment.swift in Sources */ = {isa = PBXBuildFile; fileRef = 23075B732282A94E0088AB24 /* Comment.swift */; };
		23075B7E2282A94F0088AB24 /* Item.swift in Sources */ = {isa = PBXBuildFile; fileRef = 23075B742282A94E0088AB24 /* Item.swift */; };
		23075B7F2282A94F0088AB24 /* Area.swift in Sources */ = {isa = PBXBuildFile; fileRef = 23075B752282A94E0088AB24 /* Area.swift */; };
		23075B802282A94F0088AB24 /* Shop.swift in Sources */ = {isa = PBXBuildFile; fileRef = 23075B762282A94E0088AB24 /* Shop.swift */; };
		23075B812282A94F0088AB24 /* Location.swift in Sources */ = {isa = PBXBuildFile; fileRef = 23075B772282A94E0088AB24 /* Location.swift */; };
		23075B822282A94F0088AB24 /* Favorites.swift in Sources */ = {isa = PBXBuildFile; fileRef = 23075B782282A94E0088AB24 /* Favorites.swift */; };
		23075B832282A94F0088AB24 /* ShopItem.swift in Sources */ = {isa = PBXBuildFile; fileRef = 23075B792282A94E0088AB24 /* ShopItem.swift */; };
		23075B842282A94F0088AB24 /* City.swift in Sources */ = {isa = PBXBuildFile; fileRef = 23075B7A2282A94E0088AB24 /* City.swift */; };
		23075B852282A94F0088AB24 /* User.swift in Sources */ = {isa = PBXBuildFile; fileRef = 23075B7B2282A94E0088AB24 /* User.swift */; };
		23075B862282A94F0088AB24 /* Document.swift in Sources */ = {isa = PBXBuildFile; fileRef = 23075B7C2282A94F0088AB24 /* Document.swift */; };
		2332DD9122827F3D008F0CBE /* AppDelegate.swift in Sources */ = {isa = PBXBuildFile; fileRef = 2332DD9022827F3D008F0CBE /* AppDelegate.swift */; };
		2332DD9622827F3D008F0CBE /* Main.storyboard in Resources */ = {isa = PBXBuildFile; fileRef = 2332DD9422827F3D008F0CBE /* Main.storyboard */; };
		2332DD9822827F40008F0CBE /* Assets.xcassets in Resources */ = {isa = PBXBuildFile; fileRef = 2332DD9722827F40008F0CBE /* Assets.xcassets */; };
		2332DD9B22827F40008F0CBE /* LaunchScreen.storyboard in Resources */ = {isa = PBXBuildFile; fileRef = 2332DD9922827F40008F0CBE /* LaunchScreen.storyboard */; };
		2354F011228290C500AC9BC1 /* SignUpController.swift in Sources */ = {isa = PBXBuildFile; fileRef = 2354F010228290C500AC9BC1 /* SignUpController.swift */; };
		2354F0142282922F00AC9BC1 /* AuthServices.swift in Sources */ = {isa = PBXBuildFile; fileRef = 2354F0132282922F00AC9BC1 /* AuthServices.swift */; };
		236E3501228285E00031E02B /* SignUp.storyboard in Resources */ = {isa = PBXBuildFile; fileRef = 236E3500228285E00031E02B /* SignUp.storyboard */; };
		236E35032282885B0031E02B /* LoginController.swift in Sources */ = {isa = PBXBuildFile; fileRef = 236E35022282885B0031E02B /* LoginController.swift */; };
		23B4AF6E2282838F00638A09 /* GoogleService-Info.plist in Resources */ = {isa = PBXBuildFile; fileRef = 23B4AF6D2282838F00638A09 /* GoogleService-Info.plist */; };
/* End PBXBuildFile section */

/* Begin PBXFileReference section */
		23075B532282945E0088AB24 /* Constant.swift */ = {isa = PBXFileReference; lastKnownFileType = sourcecode.swift; path = Constant.swift; sourceTree = "<group>"; };
		23075B55228294760088AB24 /* NotificationConstant.swift */ = {isa = PBXFileReference; lastKnownFileType = sourcecode.swift; path = NotificationConstant.swift; sourceTree = "<group>"; };
		23075B57228294AF0088AB24 /* DateTimeLibrary.swift */ = {isa = PBXFileReference; lastKnownFileType = sourcecode.swift; path = DateTimeLibrary.swift; sourceTree = "<group>"; };
		23075B59228294C90088AB24 /* GeneralValueItem.swift */ = {isa = PBXFileReference; lastKnownFileType = sourcecode.swift; path = GeneralValueItem.swift; sourceTree = "<group>"; };
		23075B5B228294D70088AB24 /* StringLibrary.swift */ = {isa = PBXFileReference; lastKnownFileType = sourcecode.swift; path = StringLibrary.swift; sourceTree = "<group>"; };
		23075B5D228294E70088AB24 /* ExtensionDouble.swift */ = {isa = PBXFileReference; lastKnownFileType = sourcecode.swift; path = ExtensionDouble.swift; sourceTree = "<group>"; };
		23075B5F2282956B0088AB24 /* ExtensionUIImage.swift */ = {isa = PBXFileReference; lastKnownFileType = sourcecode.swift; path = ExtensionUIImage.swift; sourceTree = "<group>"; };
		23075B612282957E0088AB24 /* ExtensionTextField.swift */ = {isa = PBXFileReference; lastKnownFileType = sourcecode.swift; path = ExtensionTextField.swift; sourceTree = "<group>"; };
		23075B63228295900088AB24 /* ExtensionStackView.swift */ = {isa = PBXFileReference; lastKnownFileType = sourcecode.swift; path = ExtensionStackView.swift; sourceTree = "<group>"; };
		23075B65228295A50088AB24 /* ExtensionButton.swift */ = {isa = PBXFileReference; lastKnownFileType = sourcecode.swift; path = ExtensionButton.swift; sourceTree = "<group>"; };
		23075B67228295B80088AB24 /* ExtensionUICollectionView.swift */ = {isa = PBXFileReference; lastKnownFileType = sourcecode.swift; path = ExtensionUICollectionView.swift; sourceTree = "<group>"; };
		23075B69228295C50088AB24 /* ExtensionUIView.swift */ = {isa = PBXFileReference; lastKnownFileType = sourcecode.swift; path = ExtensionUIView.swift; sourceTree = "<group>"; };
		23075B6B228295D70088AB24 /* ExtensionUiLable.swift */ = {isa = PBXFileReference; lastKnownFileType = sourcecode.swift; path = ExtensionUiLable.swift; sourceTree = "<group>"; };
		23075B6D228295E80088AB24 /* CustomImageView.swift */ = {isa = PBXFileReference; lastKnownFileType = sourcecode.swift; path = CustomImageView.swift; sourceTree = "<group>"; };
		23075B732282A94E0088AB24 /* Comment.swift */ = {isa = PBXFileReference; fileEncoding = 4; lastKnownFileType = sourcecode.swift; path = Comment.swift; sourceTree = "<group>"; };
		23075B742282A94E0088AB24 /* Item.swift */ = {isa = PBXFileReference; fileEncoding = 4; lastKnownFileType = sourcecode.swift; path = Item.swift; sourceTree = "<group>"; };
		23075B752282A94E0088AB24 /* Area.swift */ = {isa = PBXFileReference; fileEncoding = 4; lastKnownFileType = sourcecode.swift; path = Area.swift; sourceTree = "<group>"; };
		23075B762282A94E0088AB24 /* Shop.swift */ = {isa = PBXFileReference; fileEncoding = 4; lastKnownFileType = sourcecode.swift; path = Shop.swift; sourceTree = "<group>"; };
		23075B772282A94E0088AB24 /* Location.swift */ = {isa = PBXFileReference; fileEncoding = 4; lastKnownFileType = sourcecode.swift; path = Location.swift; sourceTree = "<group>"; };
		23075B782282A94E0088AB24 /* Favorites.swift */ = {isa = PBXFileReference; fileEncoding = 4; lastKnownFileType = sourcecode.swift; path = Favorites.swift; sourceTree = "<group>"; };
		23075B792282A94E0088AB24 /* ShopItem.swift */ = {isa = PBXFileReference; fileEncoding = 4; lastKnownFileType = sourcecode.swift; path = ShopItem.swift; sourceTree = "<group>"; };
		23075B7A2282A94E0088AB24 /* City.swift */ = {isa = PBXFileReference; fileEncoding = 4; lastKnownFileType = sourcecode.swift; path = City.swift; sourceTree = "<group>"; };
		23075B7B2282A94E0088AB24 /* User.swift */ = {isa = PBXFileReference; fileEncoding = 4; lastKnownFileType = sourcecode.swift; path = User.swift; sourceTree = "<group>"; };
		23075B7C2282A94F0088AB24 /* Document.swift */ = {isa = PBXFileReference; fileEncoding = 4; lastKnownFileType = sourcecode.swift; path = Document.swift; sourceTree = "<group>"; };
		2332DD8D22827F3D008F0CBE /* freshfood_shopowner.app */ = {isa = PBXFileReference; explicitFileType = wrapper.application; includeInIndex = 0; path = freshfood_shopowner.app; sourceTree = BUILT_PRODUCTS_DIR; };
		2332DD9022827F3D008F0CBE /* AppDelegate.swift */ = {isa = PBXFileReference; lastKnownFileType = sourcecode.swift; path = AppDelegate.swift; sourceTree = "<group>"; };
		2332DD9522827F3D008F0CBE /* Base */ = {isa = PBXFileReference; lastKnownFileType = file.storyboard; name = Base; path = Base.lproj/Main.storyboard; sourceTree = "<group>"; };
		2332DD9722827F40008F0CBE /* Assets.xcassets */ = {isa = PBXFileReference; lastKnownFileType = folder.assetcatalog; path = Assets.xcassets; sourceTree = "<group>"; };
		2332DD9A22827F40008F0CBE /* Base */ = {isa = PBXFileReference; lastKnownFileType = file.storyboard; name = Base; path = Base.lproj/LaunchScreen.storyboard; sourceTree = "<group>"; };
		2332DD9C22827F40008F0CBE /* Info.plist */ = {isa = PBXFileReference; lastKnownFileType = text.plist.xml; path = Info.plist; sourceTree = "<group>"; };
		2354F010228290C500AC9BC1 /* SignUpController.swift */ = {isa = PBXFileReference; lastKnownFileType = sourcecode.swift; path = SignUpController.swift; sourceTree = "<group>"; };
		2354F0132282922F00AC9BC1 /* AuthServices.swift */ = {isa = PBXFileReference; lastKnownFileType = sourcecode.swift; path = AuthServices.swift; sourceTree = "<group>"; };
		236E3500228285E00031E02B /* SignUp.storyboard */ = {isa = PBXFileReference; lastKnownFileType = file.storyboard; path = SignUp.storyboard; sourceTree = "<group>"; };
		236E35022282885B0031E02B /* LoginController.swift */ = {isa = PBXFileReference; lastKnownFileType = sourcecode.swift; path = LoginController.swift; sourceTree = "<group>"; };
		23B4AF6D2282838F00638A09 /* GoogleService-Info.plist */ = {isa = PBXFileReference; fileEncoding = 4; lastKnownFileType = text.plist.xml; path = "GoogleService-Info.plist"; sourceTree = "<group>"; };
		2F0DE686F0108FD94A40D130 /* Pods_freshfood_shopowner.framework */ = {isa = PBXFileReference; explicitFileType = wrapper.framework; includeInIndex = 0; path = Pods_freshfood_shopowner.framework; sourceTree = BUILT_PRODUCTS_DIR; };
		D80208177153C8BB3C9A1E25 /* Pods-freshfood_shopowner.release.xcconfig */ = {isa = PBXFileReference; includeInIndex = 1; lastKnownFileType = text.xcconfig; name = "Pods-freshfood_shopowner.release.xcconfig"; path = "Pods/Target Support Files/Pods-freshfood_shopowner/Pods-freshfood_shopowner.release.xcconfig"; sourceTree = "<group>"; };
		EDFE7BE66087E41D0EF6BA31 /* Pods-freshfood_shopowner.debug.xcconfig */ = {isa = PBXFileReference; includeInIndex = 1; lastKnownFileType = text.xcconfig; name = "Pods-freshfood_shopowner.debug.xcconfig"; path = "Pods/Target Support Files/Pods-freshfood_shopowner/Pods-freshfood_shopowner.debug.xcconfig"; sourceTree = "<group>"; };
/* End PBXFileReference section */

/* Begin PBXFrameworksBuildPhase section */
		2332DD8A22827F3D008F0CBE /* Frameworks */ = {
			isa = PBXFrameworksBuildPhase;
			buildActionMask = 2147483647;
			files = (
				0AFAFA7D73C7CD1736AE1C0F /* Pods_freshfood_shopowner.framework in Frameworks */,
			);
			runOnlyForDeploymentPostprocessing = 0;
		};
/* End PBXFrameworksBuildPhase section */

/* Begin PBXGroup section */
		23075B4F2282939C0088AB24 /* Libraries */ = {
			isa = PBXGroup;
			children = (
				23075B522282942C0088AB24 /* ExtensionUI */,
				23075B512282941D0088AB24 /* DataLibrary */,
				23075B50228293BF0088AB24 /* Uitilities */,
			);
			name = Libraries;
			path = "New Group";
			sourceTree = "<group>";
		};
		23075B50228293BF0088AB24 /* Uitilities */ = {
			isa = PBXGroup;
			children = (
				23075B532282945E0088AB24 /* Constant.swift */,
				23075B55228294760088AB24 /* NotificationConstant.swift */,
			);
			path = Uitilities;
			sourceTree = "<group>";
		};
		23075B512282941D0088AB24 /* DataLibrary */ = {
			isa = PBXGroup;
			children = (
				23075B57228294AF0088AB24 /* DateTimeLibrary.swift */,
				23075B59228294C90088AB24 /* GeneralValueItem.swift */,
				23075B5B228294D70088AB24 /* StringLibrary.swift */,
				23075B5D228294E70088AB24 /* ExtensionDouble.swift */,
			);
			path = DataLibrary;
			sourceTree = "<group>";
		};
		23075B522282942C0088AB24 /* ExtensionUI */ = {
			isa = PBXGroup;
			children = (
				23075B5F2282956B0088AB24 /* ExtensionUIImage.swift */,
				23075B612282957E0088AB24 /* ExtensionTextField.swift */,
				23075B63228295900088AB24 /* ExtensionStackView.swift */,
				23075B65228295A50088AB24 /* ExtensionButton.swift */,
				23075B67228295B80088AB24 /* ExtensionUICollectionView.swift */,
				23075B69228295C50088AB24 /* ExtensionUIView.swift */,
				23075B6B228295D70088AB24 /* ExtensionUiLable.swift */,
				23075B6D228295E80088AB24 /* CustomImageView.swift */,
			);
			path = ExtensionUI;
			sourceTree = "<group>";
		};
		23075B6F2282A50E0088AB24 /* Controller */ = {
			isa = PBXGroup;
			children = (
				2354F010228290C500AC9BC1 /* SignUpController.swift */,
				236E35022282885B0031E02B /* LoginController.swift */,
				2332DD9022827F3D008F0CBE /* AppDelegate.swift */,
			);
			path = Controller;
			sourceTree = "<group>";
		};
		23075B702282A5250088AB24 /* View */ = {
			isa = PBXGroup;
			children = (
				2332DD9422827F3D008F0CBE /* Main.storyboard */,
				2332DD9922827F40008F0CBE /* LaunchScreen.storyboard */,
				236E3500228285E00031E02B /* SignUp.storyboard */,
			);
			path = View;
			sourceTree = "<group>";
		};
		23075B712282A5360088AB24 /* Resource */ = {
			isa = PBXGroup;
			children = (
				2332DD9722827F40008F0CBE /* Assets.xcassets */,
			);
			path = Resource;
			sourceTree = "<group>";
		};
		23075B722282A8CC0088AB24 /* Model */ = {
			isa = PBXGroup;
			children = (
				23075B752282A94E0088AB24 /* Area.swift */,
				23075B7A2282A94E0088AB24 /* City.swift */,
				23075B732282A94E0088AB24 /* Comment.swift */,
				23075B7C2282A94F0088AB24 /* Document.swift */,
				23075B782282A94E0088AB24 /* Favorites.swift */,
				23075B742282A94E0088AB24 /* Item.swift */,
				23075B772282A94E0088AB24 /* Location.swift */,
				23075B762282A94E0088AB24 /* Shop.swift */,
				23075B792282A94E0088AB24 /* ShopItem.swift */,
				23075B7B2282A94E0088AB24 /* User.swift */,
			);
			path = Model;
			sourceTree = "<group>";
		};
		2332DD8422827F3D008F0CBE = {
			isa = PBXGroup;
			children = (
				2332DD8F22827F3D008F0CBE /* freshfood_shopowner */,
				2332DD8E22827F3D008F0CBE /* Products */,
				AA06D275DA3E0250C8075E7C /* Pods */,
				23DA2771CF5FA53A4FA8A14A /* Frameworks */,
			);
			sourceTree = "<group>";
		};
		2332DD8E22827F3D008F0CBE /* Products */ = {
			isa = PBXGroup;
			children = (
				2332DD8D22827F3D008F0CBE /* freshfood_shopowner.app */,
			);
			name = Products;
			sourceTree = "<group>";
		};
		2332DD8F22827F3D008F0CBE /* freshfood_shopowner */ = {
			isa = PBXGroup;
			children = (
				23075B722282A8CC0088AB24 /* Model */,
				23075B712282A5360088AB24 /* Resource */,
				23075B702282A5250088AB24 /* View */,
				23075B6F2282A50E0088AB24 /* Controller */,
				23075B4F2282939C0088AB24 /* Libraries */,
				2354F0122282921800AC9BC1 /* Services */,
				2332DD9C22827F40008F0CBE /* Info.plist */,
				23B4AF6D2282838F00638A09 /* GoogleService-Info.plist */,
			);
			path = freshfood_shopowner;
			sourceTree = "<group>";
		};
		2354F0122282921800AC9BC1 /* Services */ = {
			isa = PBXGroup;
			children = (
				2354F0132282922F00AC9BC1 /* AuthServices.swift */,
			);
			path = Services;
			sourceTree = "<group>";
		};
		23DA2771CF5FA53A4FA8A14A /* Frameworks */ = {
			isa = PBXGroup;
			children = (
				2F0DE686F0108FD94A40D130 /* Pods_freshfood_shopowner.framework */,
			);
			name = Frameworks;
			sourceTree = "<group>";
		};
		AA06D275DA3E0250C8075E7C /* Pods */ = {
			isa = PBXGroup;
			children = (
				EDFE7BE66087E41D0EF6BA31 /* Pods-freshfood_shopowner.debug.xcconfig */,
				D80208177153C8BB3C9A1E25 /* Pods-freshfood_shopowner.release.xcconfig */,
			);
			name = Pods;
			sourceTree = "<group>";
		};
/* End PBXGroup section */

/* Begin PBXNativeTarget section */
		2332DD8C22827F3D008F0CBE /* freshfood_shopowner */ = {
			isa = PBXNativeTarget;
			buildConfigurationList = 2332DD9F22827F40008F0CBE /* Build configuration list for PBXNativeTarget "freshfood_shopowner" */;
			buildPhases = (
				C20DDC3ABA10E3DE7CADF633 /* [CP] Check Pods Manifest.lock */,
				2332DD8922827F3D008F0CBE /* Sources */,
				2332DD8A22827F3D008F0CBE /* Frameworks */,
				2332DD8B22827F3D008F0CBE /* Resources */,
				495B5FE89EF23182626E8D81 /* [CP] Embed Pods Frameworks */,
				B3B8A5A731A55D59E78E8B38 /* [CP] Copy Pods Resources */,
			);
			buildRules = (
			);
			dependencies = (
			);
			name = freshfood_shopowner;
			productName = freshfood_shopowner;
			productReference = 2332DD8D22827F3D008F0CBE /* freshfood_shopowner.app */;
			productType = "com.apple.product-type.application";
		};
/* End PBXNativeTarget section */

/* Begin PBXProject section */
		2332DD8522827F3D008F0CBE /* Project object */ = {
			isa = PBXProject;
			attributes = {
				LastSwiftUpdateCheck = 1010;
				LastUpgradeCheck = 1010;
				ORGANIZATIONNAME = "Tu (Callie) T. NGUYEN";
				TargetAttributes = {
					2332DD8C22827F3D008F0CBE = {
						CreatedOnToolsVersion = 10.1;
					};
				};
			};
			buildConfigurationList = 2332DD8822827F3D008F0CBE /* Build configuration list for PBXProject "freshfood_shopowner" */;
			compatibilityVersion = "Xcode 9.3";
			developmentRegion = en;
			hasScannedForEncodings = 0;
			knownRegions = (
				en,
				Base,
			);
			mainGroup = 2332DD8422827F3D008F0CBE;
			productRefGroup = 2332DD8E22827F3D008F0CBE /* Products */;
			projectDirPath = "";
			projectRoot = "";
			targets = (
				2332DD8C22827F3D008F0CBE /* freshfood_shopowner */,
			);
		};
/* End PBXProject section */

/* Begin PBXResourcesBuildPhase section */
		2332DD8B22827F3D008F0CBE /* Resources */ = {
			isa = PBXResourcesBuildPhase;
			buildActionMask = 2147483647;
			files = (
				236E3501228285E00031E02B /* SignUp.storyboard in Resources */,
				2332DD9B22827F40008F0CBE /* LaunchScreen.storyboard in Resources */,
				23B4AF6E2282838F00638A09 /* GoogleService-Info.plist in Resources */,
				2332DD9822827F40008F0CBE /* Assets.xcassets in Resources */,
				2332DD9622827F3D008F0CBE /* Main.storyboard in Resources */,
			);
			runOnlyForDeploymentPostprocessing = 0;
		};
/* End PBXResourcesBuildPhase section */

/* Begin PBXShellScriptBuildPhase section */
		495B5FE89EF23182626E8D81 /* [CP] Embed Pods Frameworks */ = {
			isa = PBXShellScriptBuildPhase;
			buildActionMask = 2147483647;
			files = (
			);
			inputPaths = (
				"${SRCROOT}/Pods/Target Support Files/Pods-freshfood_shopowner/Pods-freshfood_shopowner-frameworks.sh",
				"${BUILT_PRODUCTS_DIR}/BoringSSL/openssl.framework",
				"${BUILT_PRODUCTS_DIR}/GTMSessionFetcher/GTMSessionFetcher.framework",
				"${BUILT_PRODUCTS_DIR}/GoogleUtilities/GoogleUtilities.framework",
				"${BUILT_PRODUCTS_DIR}/Protobuf/Protobuf.framework",
				"${BUILT_PRODUCTS_DIR}/gRPC-C++/grpcpp.framework",
				"${BUILT_PRODUCTS_DIR}/gRPC-Core/grpc.framework",
				"${BUILT_PRODUCTS_DIR}/leveldb-library/leveldb.framework",
				"${BUILT_PRODUCTS_DIR}/nanopb/nanopb.framework",
			);
			name = "[CP] Embed Pods Frameworks";
			outputPaths = (
				"${TARGET_BUILD_DIR}/${FRAMEWORKS_FOLDER_PATH}/openssl.framework",
				"${TARGET_BUILD_DIR}/${FRAMEWORKS_FOLDER_PATH}/GTMSessionFetcher.framework",
				"${TARGET_BUILD_DIR}/${FRAMEWORKS_FOLDER_PATH}/GoogleUtilities.framework",
				"${TARGET_BUILD_DIR}/${FRAMEWORKS_FOLDER_PATH}/Protobuf.framework",
				"${TARGET_BUILD_DIR}/${FRAMEWORKS_FOLDER_PATH}/grpcpp.framework",
				"${TARGET_BUILD_DIR}/${FRAMEWORKS_FOLDER_PATH}/grpc.framework",
				"${TARGET_BUILD_DIR}/${FRAMEWORKS_FOLDER_PATH}/leveldb.framework",
				"${TARGET_BUILD_DIR}/${FRAMEWORKS_FOLDER_PATH}/nanopb.framework",
			);
			runOnlyForDeploymentPostprocessing = 0;
			shellPath = /bin/sh;
			shellScript = "\"${SRCROOT}/Pods/Target Support Files/Pods-freshfood_shopowner/Pods-freshfood_shopowner-frameworks.sh\"\n";
			showEnvVarsInLog = 0;
		};
		B3B8A5A731A55D59E78E8B38 /* [CP] Copy Pods Resources */ = {
			isa = PBXShellScriptBuildPhase;
			buildActionMask = 2147483647;
			files = (
			);
			inputPaths = (
				"${SRCROOT}/Pods/Target Support Files/Pods-freshfood_shopowner/Pods-freshfood_shopowner-resources.sh",
				"${PODS_CONFIGURATION_BUILD_DIR}/FirebaseFirestore/gRPCCertificates-Firestore.bundle",
			);
			name = "[CP] Copy Pods Resources";
			outputPaths = (
				"${TARGET_BUILD_DIR}/${UNLOCALIZED_RESOURCES_FOLDER_PATH}/gRPCCertificates-Firestore.bundle",
			);
			runOnlyForDeploymentPostprocessing = 0;
			shellPath = /bin/sh;
			shellScript = "\"${SRCROOT}/Pods/Target Support Files/Pods-freshfood_shopowner/Pods-freshfood_shopowner-resources.sh\"\n";
			showEnvVarsInLog = 0;
		};
		C20DDC3ABA10E3DE7CADF633 /* [CP] Check Pods Manifest.lock */ = {
			isa = PBXShellScriptBuildPhase;
			buildActionMask = 2147483647;
			files = (
			);
			inputPaths = (
				"${PODS_PODFILE_DIR_PATH}/Podfile.lock",
				"${PODS_ROOT}/Manifest.lock",
			);
			name = "[CP] Check Pods Manifest.lock";
			outputPaths = (
				"$(DERIVED_FILE_DIR)/Pods-freshfood_shopowner-checkManifestLockResult.txt",
			);
			runOnlyForDeploymentPostprocessing = 0;
			shellPath = /bin/sh;
			shellScript = "diff \"${PODS_PODFILE_DIR_PATH}/Podfile.lock\" \"${PODS_ROOT}/Manifest.lock\" > /dev/null\nif [ $? != 0 ] ; then\n    # print error to STDERR\n    echo \"error: The sandbox is not in sync with the Podfile.lock. Run 'pod install' or update your CocoaPods installation.\" >&2\n    exit 1\nfi\n# This output is used by Xcode 'outputs' to avoid re-running this script phase.\necho \"SUCCESS\" > \"${SCRIPT_OUTPUT_FILE_0}\"\n";
			showEnvVarsInLog = 0;
		};
/* End PBXShellScriptBuildPhase section */

/* Begin PBXSourcesBuildPhase section */
		2332DD8922827F3D008F0CBE /* Sources */ = {
			isa = PBXSourcesBuildPhase;
			buildActionMask = 2147483647;
			files = (
				23075B7E2282A94F0088AB24 /* Item.swift in Sources */,
				23075B7F2282A94F0088AB24 /* Area.swift in Sources */,
				23075B5C228294D70088AB24 /* StringLibrary.swift in Sources */,
				23075B802282A94F0088AB24 /* Shop.swift in Sources */,
				23075B6E228295E80088AB24 /* CustomImageView.swift in Sources */,
				23075B852282A94F0088AB24 /* User.swift in Sources */,
				23075B622282957E0088AB24 /* ExtensionTextField.swift in Sources */,
				2332DD9122827F3D008F0CBE /* AppDelegate.swift in Sources */,
				23075B832282A94F0088AB24 /* ShopItem.swift in Sources */,
				23075B5E228294E70088AB24 /* ExtensionDouble.swift in Sources */,
				236E35032282885B0031E02B /* LoginController.swift in Sources */,
				23075B56228294760088AB24 /* NotificationConstant.swift in Sources */,
				23075B862282A94F0088AB24 /* Document.swift in Sources */,
				23075B6A228295C50088AB24 /* ExtensionUIView.swift in Sources */,
				23075B64228295900088AB24 /* ExtensionStackView.swift in Sources */,
				23075B5A228294C90088AB24 /* GeneralValueItem.swift in Sources */,
				23075B542282945E0088AB24 /* Constant.swift in Sources */,
				23075B812282A94F0088AB24 /* Location.swift in Sources */,
				23075B66228295A50088AB24 /* ExtensionButton.swift in Sources */,
				23075B602282956B0088AB24 /* ExtensionUIImage.swift in Sources */,
				23075B68228295B80088AB24 /* ExtensionUICollectionView.swift in Sources */,
				23075B58228294AF0088AB24 /* DateTimeLibrary.swift in Sources */,
				2354F011228290C500AC9BC1 /* SignUpController.swift in Sources */,
				23075B7D2282A94F0088AB24 /* Comment.swift in Sources */,
				23075B822282A94F0088AB24 /* Favorites.swift in Sources */,
				2354F0142282922F00AC9BC1 /* AuthServices.swift in Sources */,
				23075B842282A94F0088AB24 /* City.swift in Sources */,
				23075B6C228295D70088AB24 /* ExtensionUiLable.swift in Sources */,
			);
			runOnlyForDeploymentPostprocessing = 0;
		};
/* End PBXSourcesBuildPhase section */

/* Begin PBXVariantGroup section */
		2332DD9422827F3D008F0CBE /* Main.storyboard */ = {
			isa = PBXVariantGroup;
			children = (
				2332DD9522827F3D008F0CBE /* Base */,
			);
			name = Main.storyboard;
			sourceTree = "<group>";
		};
		2332DD9922827F40008F0CBE /* LaunchScreen.storyboard */ = {
			isa = PBXVariantGroup;
			children = (
				2332DD9A22827F40008F0CBE /* Base */,
			);
			name = LaunchScreen.storyboard;
			sourceTree = "<group>";
		};
/* End PBXVariantGroup section */

/* Begin XCBuildConfiguration section */
		2332DD9D22827F40008F0CBE /* Debug */ = {
			isa = XCBuildConfiguration;
			buildSettings = {
				ALWAYS_SEARCH_USER_PATHS = NO;
				CLANG_ANALYZER_NONNULL = YES;
				CLANG_ANALYZER_NUMBER_OBJECT_CONVERSION = YES_AGGRESSIVE;
				CLANG_CXX_LANGUAGE_STANDARD = "gnu++14";
				CLANG_CXX_LIBRARY = "libc++";
				CLANG_ENABLE_MODULES = YES;
				CLANG_ENABLE_OBJC_ARC = YES;
				CLANG_ENABLE_OBJC_WEAK = YES;
				CLANG_WARN_BLOCK_CAPTURE_AUTORELEASING = YES;
				CLANG_WARN_BOOL_CONVERSION = YES;
				CLANG_WARN_COMMA = YES;
				CLANG_WARN_CONSTANT_CONVERSION = YES;
				CLANG_WARN_DEPRECATED_OBJC_IMPLEMENTATIONS = YES;
				CLANG_WARN_DIRECT_OBJC_ISA_USAGE = YES_ERROR;
				CLANG_WARN_DOCUMENTATION_COMMENTS = YES;
				CLANG_WARN_EMPTY_BODY = YES;
				CLANG_WARN_ENUM_CONVERSION = YES;
				CLANG_WARN_INFINITE_RECURSION = YES;
				CLANG_WARN_INT_CONVERSION = YES;
				CLANG_WARN_NON_LITERAL_NULL_CONVERSION = YES;
				CLANG_WARN_OBJC_IMPLICIT_RETAIN_SELF = YES;
				CLANG_WARN_OBJC_LITERAL_CONVERSION = YES;
				CLANG_WARN_OBJC_ROOT_CLASS = YES_ERROR;
				CLANG_WARN_RANGE_LOOP_ANALYSIS = YES;
				CLANG_WARN_STRICT_PROTOTYPES = YES;
				CLANG_WARN_SUSPICIOUS_MOVE = YES;
				CLANG_WARN_UNGUARDED_AVAILABILITY = YES_AGGRESSIVE;
				CLANG_WARN_UNREACHABLE_CODE = YES;
				CLANG_WARN__DUPLICATE_METHOD_MATCH = YES;
				CODE_SIGN_IDENTITY = "iPhone Developer";
				COPY_PHASE_STRIP = NO;
				DEBUG_INFORMATION_FORMAT = dwarf;
				ENABLE_STRICT_OBJC_MSGSEND = YES;
				ENABLE_TESTABILITY = YES;
				GCC_C_LANGUAGE_STANDARD = gnu11;
				GCC_DYNAMIC_NO_PIC = NO;
				GCC_NO_COMMON_BLOCKS = YES;
				GCC_OPTIMIZATION_LEVEL = 0;
				GCC_PREPROCESSOR_DEFINITIONS = (
					"DEBUG=1",
					"$(inherited)",
				);
				GCC_WARN_64_TO_32_BIT_CONVERSION = YES;
				GCC_WARN_ABOUT_RETURN_TYPE = YES_ERROR;
				GCC_WARN_UNDECLARED_SELECTOR = YES;
				GCC_WARN_UNINITIALIZED_AUTOS = YES_AGGRESSIVE;
				GCC_WARN_UNUSED_FUNCTION = YES;
				GCC_WARN_UNUSED_VARIABLE = YES;
				IPHONEOS_DEPLOYMENT_TARGET = 12.1;
				MTL_ENABLE_DEBUG_INFO = INCLUDE_SOURCE;
				MTL_FAST_MATH = YES;
				ONLY_ACTIVE_ARCH = YES;
				SDKROOT = iphoneos;
				SWIFT_ACTIVE_COMPILATION_CONDITIONS = DEBUG;
				SWIFT_OPTIMIZATION_LEVEL = "-Onone";
			};
			name = Debug;
		};
		2332DD9E22827F40008F0CBE /* Release */ = {
			isa = XCBuildConfiguration;
			buildSettings = {
				ALWAYS_SEARCH_USER_PATHS = NO;
				CLANG_ANALYZER_NONNULL = YES;
				CLANG_ANALYZER_NUMBER_OBJECT_CONVERSION = YES_AGGRESSIVE;
				CLANG_CXX_LANGUAGE_STANDARD = "gnu++14";
				CLANG_CXX_LIBRARY = "libc++";
				CLANG_ENABLE_MODULES = YES;
				CLANG_ENABLE_OBJC_ARC = YES;
				CLANG_ENABLE_OBJC_WEAK = YES;
				CLANG_WARN_BLOCK_CAPTURE_AUTORELEASING = YES;
				CLANG_WARN_BOOL_CONVERSION = YES;
				CLANG_WARN_COMMA = YES;
				CLANG_WARN_CONSTANT_CONVERSION = YES;
				CLANG_WARN_DEPRECATED_OBJC_IMPLEMENTATIONS = YES;
				CLANG_WARN_DIRECT_OBJC_ISA_USAGE = YES_ERROR;
				CLANG_WARN_DOCUMENTATION_COMMENTS = YES;
				CLANG_WARN_EMPTY_BODY = YES;
				CLANG_WARN_ENUM_CONVERSION = YES;
				CLANG_WARN_INFINITE_RECURSION = YES;
				CLANG_WARN_INT_CONVERSION = YES;
				CLANG_WARN_NON_LITERAL_NULL_CONVERSION = YES;
				CLANG_WARN_OBJC_IMPLICIT_RETAIN_SELF = YES;
				CLANG_WARN_OBJC_LITERAL_CONVERSION = YES;
				CLANG_WARN_OBJC_ROOT_CLASS = YES_ERROR;
				CLANG_WARN_RANGE_LOOP_ANALYSIS = YES;
				CLANG_WARN_STRICT_PROTOTYPES = YES;
				CLANG_WARN_SUSPICIOUS_MOVE = YES;
				CLANG_WARN_UNGUARDED_AVAILABILITY = YES_AGGRESSIVE;
				CLANG_WARN_UNREACHABLE_CODE = YES;
				CLANG_WARN__DUPLICATE_METHOD_MATCH = YES;
				CODE_SIGN_IDENTITY = "iPhone Developer";
				COPY_PHASE_STRIP = NO;
				DEBUG_INFORMATION_FORMAT = "dwarf-with-dsym";
				ENABLE_NS_ASSERTIONS = NO;
				ENABLE_STRICT_OBJC_MSGSEND = YES;
				GCC_C_LANGUAGE_STANDARD = gnu11;
				GCC_NO_COMMON_BLOCKS = YES;
				GCC_WARN_64_TO_32_BIT_CONVERSION = YES;
				GCC_WARN_ABOUT_RETURN_TYPE = YES_ERROR;
				GCC_WARN_UNDECLARED_SELECTOR = YES;
				GCC_WARN_UNINITIALIZED_AUTOS = YES_AGGRESSIVE;
				GCC_WARN_UNUSED_FUNCTION = YES;
				GCC_WARN_UNUSED_VARIABLE = YES;
				IPHONEOS_DEPLOYMENT_TARGET = 12.1;
				MTL_ENABLE_DEBUG_INFO = NO;
				MTL_FAST_MATH = YES;
				SDKROOT = iphoneos;
				SWIFT_COMPILATION_MODE = wholemodule;
				SWIFT_OPTIMIZATION_LEVEL = "-O";
				VALIDATE_PRODUCT = YES;
			};
			name = Release;
		};
		2332DDA022827F40008F0CBE /* Debug */ = {
			isa = XCBuildConfiguration;
			baseConfigurationReference = EDFE7BE66087E41D0EF6BA31 /* Pods-freshfood_shopowner.debug.xcconfig */;
			buildSettings = {
				ASSETCATALOG_COMPILER_APPICON_NAME = AppIcon;
				CODE_SIGN_STYLE = Automatic;
				INFOPLIST_FILE = freshfood_shopowner/Info.plist;
				LD_RUNPATH_SEARCH_PATHS = (
					"$(inherited)",
					"@executable_path/Frameworks",
				);
				PRODUCT_BUNDLE_IDENTIFIER = "Enclave.freshfood-shopowner";
				PRODUCT_NAME = "$(TARGET_NAME)";
				SWIFT_VERSION = 4.2;
				TARGETED_DEVICE_FAMILY = "1,2";
			};
			name = Debug;
		};
		2332DDA122827F40008F0CBE /* Release */ = {
			isa = XCBuildConfiguration;
			baseConfigurationReference = D80208177153C8BB3C9A1E25 /* Pods-freshfood_shopowner.release.xcconfig */;
			buildSettings = {
				ASSETCATALOG_COMPILER_APPICON_NAME = AppIcon;
				CODE_SIGN_STYLE = Automatic;
				INFOPLIST_FILE = freshfood_shopowner/Info.plist;
				LD_RUNPATH_SEARCH_PATHS = (
					"$(inherited)",
					"@executable_path/Frameworks",
				);
				PRODUCT_BUNDLE_IDENTIFIER = "Enclave.freshfood-shopowner";
				PRODUCT_NAME = "$(TARGET_NAME)";
				SWIFT_VERSION = 4.2;
				TARGETED_DEVICE_FAMILY = "1,2";
			};
			name = Release;
		};
/* End XCBuildConfiguration section */

/* Begin XCConfigurationList section */
		2332DD8822827F3D008F0CBE /* Build configuration list for PBXProject "freshfood_shopowner" */ = {
			isa = XCConfigurationList;
			buildConfigurations = (
				2332DD9D22827F40008F0CBE /* Debug */,
				2332DD9E22827F40008F0CBE /* Release */,
			);
			defaultConfigurationIsVisible = 0;
			defaultConfigurationName = Release;
		};
		2332DD9F22827F40008F0CBE /* Build configuration list for PBXNativeTarget "freshfood_shopowner" */ = {
			isa = XCConfigurationList;
			buildConfigurations = (
				2332DDA022827F40008F0CBE /* Debug */,
				2332DDA122827F40008F0CBE /* Release */,
			);
			defaultConfigurationIsVisible = 0;
			defaultConfigurationName = Release;
		};
/* End XCConfigurationList section */
	};
	rootObject = 2332DD8522827F3D008F0CBE /* Project object */;
}
